{
  "pins" : [
    {
      "identity" : "onesignal-xcframework",
      "kind" : "remoteSourceControl",
      "location" : "https://github.com/OneSignal/OneSignal-XCFramework",
      "state" : {
        "branch" : "main",
        "revision" : "091f9c572b4a522f93cd1d4f2f524e3818a253f2"
      }
    },
    {
      "identity" : "stellarmoonkit",
      "kind" : "remoteSourceControl",
      "location" : "https://github.com/Harry-KNIGHT/StellarMoonKit",
      "state" : {
        "branch" : "main",
        "revision" : "624a5c7462b9f8a99fdbc63c633bbba639b8b25d"
      }
    },
    {
      "identity" : "swiftui-cached-async-image",
      "kind" : "remoteSourceControl",
      "location" : "https://github.com/lorenzofiamingo/swiftui-cached-async-image",
      "state" : {
        "revision" : "467a3d17479887943ab917a379e62bbaff60ac8a",
        "version" : "2.1.1"
      }
    }
  ],
  "version" : 2
}
