// !$*UTF8*$!
{
	archiveVersion = 1;
	classes = {
	};
	objectVersion = 55;
	objects = {

/* Begin PBXBuildFile section */
		3C03EADF2937EC190023EC26 /* FavoritesListView.swift in Sources */ = {isa = PBXBuildFile; fileRef = 3C03EADE2937EC190023EC26 /* FavoritesListView.swift */; };
		3C0C46552937EE18004DABB7 /* ArticlesGridView.swift in Sources */ = {isa = PBXBuildFile; fileRef = 3C0C46542937EE18004DABB7 /* ArticlesGridView.swift */; };
		3C41BEA52928D3B5002043D4 /* AstronomyImageListCell.swift in Sources */ = {isa = PBXBuildFile; fileRef = 3C41BEA42928D3B5002043D4 /* AstronomyImageListCell.swift */; };
		3C46134C292A68320087214C /* BackgroundImageCell.swift in Sources */ = {isa = PBXBuildFile; fileRef = 3C46134B292A68320087214C /* BackgroundImageCell.swift */; };
		3C5555CB288F12640093122A /* AstronomyImageView.swift in Sources */ = {isa = PBXBuildFile; fileRef = 3C5555CA288F12640093122A /* AstronomyImageView.swift */; };
		3C5555CD288F21440093122A /* README.md in Resources */ = {isa = PBXBuildFile; fileRef = 3C5555CC288F21440093122A /* README.md */; };
		3C5555CF288FCDA30093122A /* VideoView.swift in Sources */ = {isa = PBXBuildFile; fileRef = 3C5555CE288FCDA30093122A /* VideoView.swift */; };
		3C5555D1289057E80093122A /* AstronomyDetailView.swift in Sources */ = {isa = PBXBuildFile; fileRef = 3C5555D0289057E80093122A /* AstronomyDetailView.swift */; };
		3C5555D3289058C50093122A /* MainScreen.swift in Sources */ = {isa = PBXBuildFile; fileRef = 3C5555D2289058C50093122A /* MainScreen.swift */; };
		3C5555D6289058FF0093122A /* AstronomyArticlesViewModel.swift in Sources */ = {isa = PBXBuildFile; fileRef = 3C5555D5289058FF0093122A /* AstronomyArticlesViewModel.swift */; };
		3C6878F2289A5C3300B99797 /* ImageSaver.swift in Sources */ = {isa = PBXBuildFile; fileRef = 3C6878F1289A5C3300B99797 /* ImageSaver.swift */; };
		3CA718CC292950CC0075E0D5 /* VideoPlaceHolderCell.swift in Sources */ = {isa = PBXBuildFile; fileRef = 3CA718CB292950CC0075E0D5 /* VideoPlaceHolderCell.swift */; };
		3CA718CE292964990075E0D5 /* ShowFavSheetButtonCell.swift in Sources */ = {isa = PBXBuildFile; fileRef = 3CA718CD292964990075E0D5 /* ShowFavSheetButtonCell.swift */; };
		3CA718D0292965530075E0D5 /* AddFavoriteButtonCell.swift in Sources */ = {isa = PBXBuildFile; fileRef = 3CA718CF292965530075E0D5 /* AddFavoriteButtonCell.swift */; };
		3CBB34A428BE35F700AC0EDF /* RowCell.swift in Sources */ = {isa = PBXBuildFile; fileRef = 3CBB34A328BE35F700AC0EDF /* RowCell.swift */; };
		3CBBA48228AFA78D0062A498 /* RefreshableScrollView in Frameworks */ = {isa = PBXBuildFile; productRef = 3CBBA48128AFA78D0062A498 /* RefreshableScrollView */; };
		3CBF0C42289134EE00010691 /* FavoriteViewModel.swift in Sources */ = {isa = PBXBuildFile; fileRef = 3CBF0C41289134EE00010691 /* FavoriteViewModel.swift */; };
		3CBF0C452891371E00010691 /* FavoritesArticlesView.swift in Sources */ = {isa = PBXBuildFile; fileRef = 3CBF0C442891371E00010691 /* FavoritesArticlesView.swift */; };
		3CBF0C4728913B5700010691 /* EmptyView.swift in Sources */ = {isa = PBXBuildFile; fileRef = 3CBF0C4628913B5700010691 /* EmptyView.swift */; };
		3CBF0C4C28917A7E00010691 /* ActivityIndicatorView in Frameworks */ = {isa = PBXBuildFile; productRef = 3CBF0C4B28917A7E00010691 /* ActivityIndicatorView */; };
		3CBF0C4E2891AA1D00010691 /* LoadingView.swift in Sources */ = {isa = PBXBuildFile; fileRef = 3CBF0C4D2891AA1D00010691 /* LoadingView.swift */; };
		3CC4922E28BE5F4D00C0B89B /* StellarMoonKit in Frameworks */ = {isa = PBXBuildFile; productRef = 3CC4922D28BE5F4D00C0B89B /* StellarMoonKit */; };
		3CC944B528B3A74800447BB6 /* AstronomyArticleDetailVM.swift in Sources */ = {isa = PBXBuildFile; fileRef = 3CC944B428B3A74800447BB6 /* AstronomyArticleDetailVM.swift */; };
		3CC954C6289CFF25006D547C /* CircularProgressBar.swift in Sources */ = {isa = PBXBuildFile; fileRef = 3CC954C5289CFF25006D547C /* CircularProgressBar.swift */; };
		3CDBA10F288E759A00AB15C7 /* NasaDayAstronomyApp.swift in Sources */ = {isa = PBXBuildFile; fileRef = 3CDBA10E288E759A00AB15C7 /* NasaDayAstronomyApp.swift */; };
		3CDBA111288E759A00AB15C7 /* ContentView.swift in Sources */ = {isa = PBXBuildFile; fileRef = 3CDBA110288E759A00AB15C7 /* ContentView.swift */; };
		3CDBA113288E759B00AB15C7 /* Assets.xcassets in Resources */ = {isa = PBXBuildFile; fileRef = 3CDBA112288E759B00AB15C7 /* Assets.xcassets */; };
		3CDBA116288E759B00AB15C7 /* Preview Assets.xcassets in Resources */ = {isa = PBXBuildFile; fileRef = 3CDBA115288E759B00AB15C7 /* Preview Assets.xcassets */; };
/* End PBXBuildFile section */

/* Begin PBXContainerItemProxy section */
		3CDBA11C288E759B00AB15C7 /* PBXContainerItemProxy */ = {
			isa = PBXContainerItemProxy;
			containerPortal = 3CDBA103288E759A00AB15C7 /* Project object */;
			proxyType = 1;
			remoteGlobalIDString = 3CDBA10A288E759A00AB15C7;
			remoteInfo = NasaDayAstronomy;
		};
		3CDBA126288E759B00AB15C7 /* PBXContainerItemProxy */ = {
			isa = PBXContainerItemProxy;
			containerPortal = 3CDBA103288E759A00AB15C7 /* Project object */;
			proxyType = 1;
			remoteGlobalIDString = 3CDBA10A288E759A00AB15C7;
			remoteInfo = NasaDayAstronomy;
		};
/* End PBXContainerItemProxy section */

/* Begin PBXCopyFilesBuildPhase section */
		3CBB34D228BE491800AC0EDF /* Embed Foundation Extensions */ = {
			isa = PBXCopyFilesBuildPhase;
			buildActionMask = 2147483647;
			dstPath = "";
			dstSubfolderSpec = 13;
			files = (
			);
			name = "Embed Foundation Extensions";
			runOnlyForDeploymentPostprocessing = 0;
		};
/* End PBXCopyFilesBuildPhase section */

/* Begin PBXFileReference section */
		3C03EADE2937EC190023EC26 /* FavoritesListView.swift */ = {isa = PBXFileReference; lastKnownFileType = sourcecode.swift; path = FavoritesListView.swift; sourceTree = "<group>"; };
		3C0C46542937EE18004DABB7 /* ArticlesGridView.swift */ = {isa = PBXFileReference; lastKnownFileType = sourcecode.swift; path = ArticlesGridView.swift; sourceTree = "<group>"; };
		3C41BEA42928D3B5002043D4 /* AstronomyImageListCell.swift */ = {isa = PBXFileReference; lastKnownFileType = sourcecode.swift; path = AstronomyImageListCell.swift; sourceTree = "<group>"; };
		3C46134B292A68320087214C /* BackgroundImageCell.swift */ = {isa = PBXFileReference; lastKnownFileType = sourcecode.swift; path = BackgroundImageCell.swift; sourceTree = "<group>"; };
		3C5555CA288F12640093122A /* AstronomyImageView.swift */ = {isa = PBXFileReference; lastKnownFileType = sourcecode.swift; path = AstronomyImageView.swift; sourceTree = "<group>"; };
		3C5555CC288F21440093122A /* README.md */ = {isa = PBXFileReference; fileEncoding = 4; lastKnownFileType = net.daringfireball.markdown; path = README.md; sourceTree = "<group>"; };
		3C5555CE288FCDA30093122A /* VideoView.swift */ = {isa = PBXFileReference; lastKnownFileType = sourcecode.swift; path = VideoView.swift; sourceTree = "<group>"; };
		3C5555D0289057E80093122A /* AstronomyDetailView.swift */ = {isa = PBXFileReference; lastKnownFileType = sourcecode.swift; path = AstronomyDetailView.swift; sourceTree = "<group>"; };
		3C5555D2289058C50093122A /* MainScreen.swift */ = {isa = PBXFileReference; lastKnownFileType = sourcecode.swift; path = MainScreen.swift; sourceTree = "<group>"; };
		3C5555D5289058FF0093122A /* AstronomyArticlesViewModel.swift */ = {isa = PBXFileReference; lastKnownFileType = sourcecode.swift; path = AstronomyArticlesViewModel.swift; sourceTree = "<group>"; };
		3C6878F1289A5C3300B99797 /* ImageSaver.swift */ = {isa = PBXFileReference; lastKnownFileType = sourcecode.swift; path = ImageSaver.swift; sourceTree = "<group>"; };
		3CA718CB292950CC0075E0D5 /* VideoPlaceHolderCell.swift */ = {isa = PBXFileReference; lastKnownFileType = sourcecode.swift; path = VideoPlaceHolderCell.swift; sourceTree = "<group>"; };
		3CA718CD292964990075E0D5 /* ShowFavSheetButtonCell.swift */ = {isa = PBXFileReference; lastKnownFileType = sourcecode.swift; path = ShowFavSheetButtonCell.swift; sourceTree = "<group>"; };
		3CA718CF292965530075E0D5 /* AddFavoriteButtonCell.swift */ = {isa = PBXFileReference; lastKnownFileType = sourcecode.swift; path = AddFavoriteButtonCell.swift; sourceTree = "<group>"; };
		3CBB34A328BE35F700AC0EDF /* RowCell.swift */ = {isa = PBXFileReference; lastKnownFileType = sourcecode.swift; path = RowCell.swift; sourceTree = "<group>"; };
		3CBF0C41289134EE00010691 /* FavoriteViewModel.swift */ = {isa = PBXFileReference; lastKnownFileType = sourcecode.swift; path = FavoriteViewModel.swift; sourceTree = "<group>"; };
		3CBF0C442891371E00010691 /* FavoritesArticlesView.swift */ = {isa = PBXFileReference; lastKnownFileType = sourcecode.swift; path = FavoritesArticlesView.swift; sourceTree = "<group>"; };
		3CBF0C4628913B5700010691 /* EmptyView.swift */ = {isa = PBXFileReference; lastKnownFileType = sourcecode.swift; path = EmptyView.swift; sourceTree = "<group>"; };
		3CBF0C4D2891AA1D00010691 /* LoadingView.swift */ = {isa = PBXFileReference; lastKnownFileType = sourcecode.swift; path = LoadingView.swift; sourceTree = "<group>"; };
		3CC944B428B3A74800447BB6 /* AstronomyArticleDetailVM.swift */ = {isa = PBXFileReference; lastKnownFileType = sourcecode.swift; path = AstronomyArticleDetailVM.swift; sourceTree = "<group>"; };
		3CC954C5289CFF25006D547C /* CircularProgressBar.swift */ = {isa = PBXFileReference; lastKnownFileType = sourcecode.swift; path = CircularProgressBar.swift; sourceTree = "<group>"; };
		3CDBA10B288E759A00AB15C7 /* Stellar.app */ = {isa = PBXFileReference; explicitFileType = wrapper.application; includeInIndex = 0; path = Stellar.app; sourceTree = BUILT_PRODUCTS_DIR; };
		3CDBA10E288E759A00AB15C7 /* NasaDayAstronomyApp.swift */ = {isa = PBXFileReference; lastKnownFileType = sourcecode.swift; path = NasaDayAstronomyApp.swift; sourceTree = "<group>"; };
		3CDBA110288E759A00AB15C7 /* ContentView.swift */ = {isa = PBXFileReference; lastKnownFileType = sourcecode.swift; path = ContentView.swift; sourceTree = "<group>"; };
		3CDBA112288E759B00AB15C7 /* Assets.xcassets */ = {isa = PBXFileReference; lastKnownFileType = folder.assetcatalog; path = Assets.xcassets; sourceTree = "<group>"; };
		3CDBA115288E759B00AB15C7 /* Preview Assets.xcassets */ = {isa = PBXFileReference; lastKnownFileType = folder.assetcatalog; path = "Preview Assets.xcassets"; sourceTree = "<group>"; };
		3CDBA11B288E759B00AB15C7 /* StellarTests.xctest */ = {isa = PBXFileReference; explicitFileType = wrapper.cfbundle; includeInIndex = 0; path = StellarTests.xctest; sourceTree = BUILT_PRODUCTS_DIR; };
		3CDBA125288E759B00AB15C7 /* StellarUITests.xctest */ = {isa = PBXFileReference; explicitFileType = wrapper.cfbundle; includeInIndex = 0; path = StellarUITests.xctest; sourceTree = BUILT_PRODUCTS_DIR; };
/* End PBXFileReference section */

/* Begin PBXFrameworksBuildPhase section */
		3CDBA108288E759A00AB15C7 /* Frameworks */ = {
			isa = PBXFrameworksBuildPhase;
			buildActionMask = 2147483647;
			files = (
				3CBBA48228AFA78D0062A498 /* RefreshableScrollView in Frameworks */,
				3CC4922E28BE5F4D00C0B89B /* StellarMoonKit in Frameworks */,
				3CBF0C4C28917A7E00010691 /* ActivityIndicatorView in Frameworks */,
			);
			runOnlyForDeploymentPostprocessing = 0;
		};
		3CDBA118288E759B00AB15C7 /* Frameworks */ = {
			isa = PBXFrameworksBuildPhase;
			buildActionMask = 2147483647;
			files = (
			);
			runOnlyForDeploymentPostprocessing = 0;
		};
		3CDBA122288E759B00AB15C7 /* Frameworks */ = {
			isa = PBXFrameworksBuildPhase;
			buildActionMask = 2147483647;
			files = (
			);
			runOnlyForDeploymentPostprocessing = 0;
		};
/* End PBXFrameworksBuildPhase section */

/* Begin PBXGroup section */
		3C03EADD2937E97A0023EC26 /* Grids */ = {
			isa = PBXGroup;
			children = (
				3C0C46542937EE18004DABB7 /* ArticlesGridView.swift */,
			);
			path = Grids;
			sourceTree = "<group>";
		};
		3C03EAE02937EC540023EC26 /* Lists */ = {
			isa = PBXGroup;
			children = (
				3C03EADE2937EC190023EC26 /* FavoritesListView.swift */,
			);
			path = Lists;
			sourceTree = "<group>";
		};
		3C5555D8289059880093122A /* View */ = {
			isa = PBXGroup;
			children = (
				3CDBA110288E759A00AB15C7 /* ContentView.swift */,
				3CFD11692892E1E200F14F65 /* Screens */,
				3C03EAE02937EC540023EC26 /* Lists */,
				3C03EADD2937E97A0023EC26 /* Grids */,
				3CFD11662892E15E00F14F65 /* Detail */,
				3CF7AC8D28C112A9008A7C70 /* Components */,
				3CFD11682892E1C200F14F65 /* Loading */,
				3CFD11672892E18200F14F65 /* VideoView */,
				3CFD116A2892EE6700F14F65 /* EmptyView */,
				3CBF0C4028906B3100010691 /* AsyncImageView */,
				3C6878F3289AA3DA00B99797 /* ImageSaver */,
			);
			path = View;
			sourceTree = "<group>";
		};
		3C6878F3289AA3DA00B99797 /* ImageSaver */ = {
			isa = PBXGroup;
			children = (
				3C6878F1289A5C3300B99797 /* ImageSaver.swift */,
			);
			path = ImageSaver;
			sourceTree = "<group>";
		};
		3CBF0C4028906B3100010691 /* AsyncImageView */ = {
			isa = PBXGroup;
			children = (
				3C5555CA288F12640093122A /* AstronomyImageView.swift */,
				3C46134B292A68320087214C /* BackgroundImageCell.swift */,
				3C41BEA42928D3B5002043D4 /* AstronomyImageListCell.swift */,
			);
			path = AsyncImageView;
			sourceTree = "<group>";
		};
		3CBF0C43289134F300010691 /* ViewModel */ = {
			isa = PBXGroup;
			children = (
				3CBF0C41289134EE00010691 /* FavoriteViewModel.swift */,
				3C5555D5289058FF0093122A /* AstronomyArticlesViewModel.swift */,
				3CC944B428B3A74800447BB6 /* AstronomyArticleDetailVM.swift */,
			);
			path = ViewModel;
			sourceTree = "<group>";
		};
		3CCF165E292A178F0037BB50 /* Buttons */ = {
			isa = PBXGroup;
			children = (
				3CA718CD292964990075E0D5 /* ShowFavSheetButtonCell.swift */,
				3CA718CF292965530075E0D5 /* AddFavoriteButtonCell.swift */,
			);
			path = Buttons;
			sourceTree = "<group>";
		};
		3CDBA102288E759A00AB15C7 = {
			isa = PBXGroup;
			children = (
				3CDBA10D288E759A00AB15C7 /* Stellar */,
				3CDBA10C288E759A00AB15C7 /* Products */,
			);
			sourceTree = "<group>";
		};
		3CDBA10C288E759A00AB15C7 /* Products */ = {
			isa = PBXGroup;
			children = (
				3CDBA10B288E759A00AB15C7 /* Stellar.app */,
				3CDBA11B288E759B00AB15C7 /* StellarTests.xctest */,
				3CDBA125288E759B00AB15C7 /* StellarUITests.xctest */,
			);
			name = Products;
			sourceTree = "<group>";
		};
		3CDBA10D288E759A00AB15C7 /* Stellar */ = {
			isa = PBXGroup;
			children = (
				3CDBA10E288E759A00AB15C7 /* NasaDayAstronomyApp.swift */,
				3C5555D8289059880093122A /* View */,
				3CBF0C43289134F300010691 /* ViewModel */,
				3C5555CC288F21440093122A /* README.md */,
				3CDBA112288E759B00AB15C7 /* Assets.xcassets */,
				3CDBA114288E759B00AB15C7 /* Preview Content */,
			);
			path = Stellar;
			sourceTree = "<group>";
		};
		3CDBA114288E759B00AB15C7 /* Preview Content */ = {
			isa = PBXGroup;
			children = (
				3CDBA115288E759B00AB15C7 /* Preview Assets.xcassets */,
			);
			path = "Preview Content";
			sourceTree = "<group>";
		};
		3CF7AC8D28C112A9008A7C70 /* Components */ = {
			isa = PBXGroup;
			children = (
				3CBB34A328BE35F700AC0EDF /* RowCell.swift */,
				3CA718CB292950CC0075E0D5 /* VideoPlaceHolderCell.swift */,
				3CCF165E292A178F0037BB50 /* Buttons */,
			);
			path = Components;
			sourceTree = "<group>";
		};
		3CFD11662892E15E00F14F65 /* Detail */ = {
			isa = PBXGroup;
			children = (
				3C5555D0289057E80093122A /* AstronomyDetailView.swift */,
			);
			path = Detail;
			sourceTree = "<group>";
		};
		3CFD11672892E18200F14F65 /* VideoView */ = {
			isa = PBXGroup;
			children = (
				3C5555CE288FCDA30093122A /* VideoView.swift */,
			);
			path = VideoView;
			sourceTree = "<group>";
		};
		3CFD11682892E1C200F14F65 /* Loading */ = {
			isa = PBXGroup;
			children = (
				3CBF0C4D2891AA1D00010691 /* LoadingView.swift */,
				3CC954C5289CFF25006D547C /* CircularProgressBar.swift */,
			);
			path = Loading;
			sourceTree = "<group>";
		};
		3CFD11692892E1E200F14F65 /* Screens */ = {
			isa = PBXGroup;
			children = (
				3C5555D2289058C50093122A /* MainScreen.swift */,
				3CBF0C442891371E00010691 /* FavoritesArticlesView.swift */,
			);
			path = Screens;
			sourceTree = "<group>";
		};
		3CFD116A2892EE6700F14F65 /* EmptyView */ = {
			isa = PBXGroup;
			children = (
				3CBF0C4628913B5700010691 /* EmptyView.swift */,
			);
			path = EmptyView;
			sourceTree = "<group>";
		};
/* End PBXGroup section */

/* Begin PBXNativeTarget section */
		3CDBA10A288E759A00AB15C7 /* Stellar */ = {
			isa = PBXNativeTarget;
			buildConfigurationList = 3CDBA12F288E759B00AB15C7 /* Build configuration list for PBXNativeTarget "Stellar" */;
			buildPhases = (
				3CDBA107288E759A00AB15C7 /* Sources */,
				3CDBA108288E759A00AB15C7 /* Frameworks */,
				3CDBA109288E759A00AB15C7 /* Resources */,
				3CBB34D228BE491800AC0EDF /* Embed Foundation Extensions */,
			);
			buildRules = (
			);
			dependencies = (
			);
			name = Stellar;
			packageProductDependencies = (
				3CBF0C4B28917A7E00010691 /* ActivityIndicatorView */,
				3CBBA48128AFA78D0062A498 /* RefreshableScrollView */,
				3CC4922D28BE5F4D00C0B89B /* StellarMoonKit */,
			);
			productName = NasaDayAstronomy;
			productReference = 3CDBA10B288E759A00AB15C7 /* Stellar.app */;
			productType = "com.apple.product-type.application";
		};
		3CDBA11A288E759B00AB15C7 /* StellarTests */ = {
			isa = PBXNativeTarget;
			buildConfigurationList = 3CDBA132288E759B00AB15C7 /* Build configuration list for PBXNativeTarget "StellarTests" */;
			buildPhases = (
				3CDBA117288E759B00AB15C7 /* Sources */,
				3CDBA118288E759B00AB15C7 /* Frameworks */,
				3CDBA119288E759B00AB15C7 /* Resources */,
			);
			buildRules = (
			);
			dependencies = (
				3CDBA11D288E759B00AB15C7 /* PBXTargetDependency */,
			);
			name = StellarTests;
			productName = NasaDayAstronomyTests;
			productReference = 3CDBA11B288E759B00AB15C7 /* StellarTests.xctest */;
			productType = "com.apple.product-type.bundle.unit-test";
		};
		3CDBA124288E759B00AB15C7 /* StellarUITests */ = {
			isa = PBXNativeTarget;
			buildConfigurationList = 3CDBA135288E759B00AB15C7 /* Build configuration list for PBXNativeTarget "StellarUITests" */;
			buildPhases = (
				3CDBA121288E759B00AB15C7 /* Sources */,
				3CDBA122288E759B00AB15C7 /* Frameworks */,
				3CDBA123288E759B00AB15C7 /* Resources */,
			);
			buildRules = (
			);
			dependencies = (
				3CDBA127288E759B00AB15C7 /* PBXTargetDependency */,
			);
			name = StellarUITests;
			productName = NasaDayAstronomyUITests;
			productReference = 3CDBA125288E759B00AB15C7 /* StellarUITests.xctest */;
			productType = "com.apple.product-type.bundle.ui-testing";
		};
/* End PBXNativeTarget section */

/* Begin PBXProject section */
		3CDBA103288E759A00AB15C7 /* Project object */ = {
			isa = PBXProject;
			attributes = {
				BuildIndependentTargetsInParallel = 1;
				LastSwiftUpdateCheck = 1340;
				LastUpgradeCheck = 1410;
				TargetAttributes = {
					3CDBA10A288E759A00AB15C7 = {
						CreatedOnToolsVersion = 14.0;
					};
					3CDBA11A288E759B00AB15C7 = {
						CreatedOnToolsVersion = 14.0;
						TestTargetID = 3CDBA10A288E759A00AB15C7;
					};
					3CDBA124288E759B00AB15C7 = {
						CreatedOnToolsVersion = 14.0;
						TestTargetID = 3CDBA10A288E759A00AB15C7;
					};
				};
			};
			buildConfigurationList = 3CDBA106288E759A00AB15C7 /* Build configuration list for PBXProject "Stellar" */;
			compatibilityVersion = "Xcode 13.0";
			developmentRegion = en;
			hasScannedForEncodings = 0;
			knownRegions = (
				en,
				fr,
				Base,
			);
			mainGroup = 3CDBA102288E759A00AB15C7;
			packageReferences = (
				3CBF0C4A28917A7E00010691 /* XCRemoteSwiftPackageReference "ActivityIndicatorView" */,
				3CBBA48028AFA78D0062A498 /* XCRemoteSwiftPackageReference "RefreshableScrollView" */,
				3CC4922C28BE5F4D00C0B89B /* XCRemoteSwiftPackageReference "StellarMoonKit" */,
			);
			productRefGroup = 3CDBA10C288E759A00AB15C7 /* Products */;
			projectDirPath = "";
			projectRoot = "";
			targets = (
				3CDBA10A288E759A00AB15C7 /* Stellar */,
				3CDBA11A288E759B00AB15C7 /* StellarTests */,
				3CDBA124288E759B00AB15C7 /* StellarUITests */,
			);
		};
/* End PBXProject section */

/* Begin PBXResourcesBuildPhase section */
		3CDBA109288E759A00AB15C7 /* Resources */ = {
			isa = PBXResourcesBuildPhase;
			buildActionMask = 2147483647;
			files = (
				3C5555CD288F21440093122A /* README.md in Resources */,
				3CDBA116288E759B00AB15C7 /* Preview Assets.xcassets in Resources */,
				3CDBA113288E759B00AB15C7 /* Assets.xcassets in Resources */,
			);
			runOnlyForDeploymentPostprocessing = 0;
		};
		3CDBA119288E759B00AB15C7 /* Resources */ = {
			isa = PBXResourcesBuildPhase;
			buildActionMask = 2147483647;
			files = (
			);
			runOnlyForDeploymentPostprocessing = 0;
		};
		3CDBA123288E759B00AB15C7 /* Resources */ = {
			isa = PBXResourcesBuildPhase;
			buildActionMask = 2147483647;
			files = (
			);
			runOnlyForDeploymentPostprocessing = 0;
		};
/* End PBXResourcesBuildPhase section */

/* Begin PBXSourcesBuildPhase section */
		3CDBA107288E759A00AB15C7 /* Sources */ = {
			isa = PBXSourcesBuildPhase;
			buildActionMask = 2147483647;
			files = (
				3C5555CF288FCDA30093122A /* VideoView.swift in Sources */,
				3C5555CB288F12640093122A /* AstronomyImageView.swift in Sources */,
				3C5555D6289058FF0093122A /* AstronomyArticlesViewModel.swift in Sources */,
				3CC954C6289CFF25006D547C /* CircularProgressBar.swift in Sources */,
				3C5555D1289057E80093122A /* AstronomyDetailView.swift in Sources */,
				3CBF0C4728913B5700010691 /* EmptyView.swift in Sources */,
				3C03EADF2937EC190023EC26 /* FavoritesListView.swift in Sources */,
				3C6878F2289A5C3300B99797 /* ImageSaver.swift in Sources */,
				3CDBA111288E759A00AB15C7 /* ContentView.swift in Sources */,
				3C0C46552937EE18004DABB7 /* ArticlesGridView.swift in Sources */,
				3CA718CC292950CC0075E0D5 /* VideoPlaceHolderCell.swift in Sources */,
				3CDBA10F288E759A00AB15C7 /* NasaDayAstronomyApp.swift in Sources */,
				3C5555D3289058C50093122A /* MainScreen.swift in Sources */,
				3CBB34A428BE35F700AC0EDF /* RowCell.swift in Sources */,
				3CBF0C42289134EE00010691 /* FavoriteViewModel.swift in Sources */,
				3C41BEA52928D3B5002043D4 /* AstronomyImageListCell.swift in Sources */,
				3CA718D0292965530075E0D5 /* AddFavoriteButtonCell.swift in Sources */,
				3CBF0C4E2891AA1D00010691 /* LoadingView.swift in Sources */,
				3CA718CE292964990075E0D5 /* ShowFavSheetButtonCell.swift in Sources */,
				3CBF0C452891371E00010691 /* FavoritesArticlesView.swift in Sources */,
				3CC944B528B3A74800447BB6 /* AstronomyArticleDetailVM.swift in Sources */,
				3C46134C292A68320087214C /* BackgroundImageCell.swift in Sources */,
			);
			runOnlyForDeploymentPostprocessing = 0;
		};
		3CDBA117288E759B00AB15C7 /* Sources */ = {
			isa = PBXSourcesBuildPhase;
			buildActionMask = 2147483647;
			files = (
			);
			runOnlyForDeploymentPostprocessing = 0;
		};
		3CDBA121288E759B00AB15C7 /* Sources */ = {
			isa = PBXSourcesBuildPhase;
			buildActionMask = 2147483647;
			files = (
			);
			runOnlyForDeploymentPostprocessing = 0;
		};
/* End PBXSourcesBuildPhase section */

/* Begin PBXTargetDependency section */
		3CDBA11D288E759B00AB15C7 /* PBXTargetDependency */ = {
			isa = PBXTargetDependency;
			target = 3CDBA10A288E759A00AB15C7 /* Stellar */;
			targetProxy = 3CDBA11C288E759B00AB15C7 /* PBXContainerItemProxy */;
		};
		3CDBA127288E759B00AB15C7 /* PBXTargetDependency */ = {
			isa = PBXTargetDependency;
			target = 3CDBA10A288E759A00AB15C7 /* Stellar */;
			targetProxy = 3CDBA126288E759B00AB15C7 /* PBXContainerItemProxy */;
		};
/* End PBXTargetDependency section */

/* Begin XCBuildConfiguration section */
		3CDBA12D288E759B00AB15C7 /* Debug */ = {
			isa = XCBuildConfiguration;
			buildSettings = {
				ALWAYS_SEARCH_USER_PATHS = NO;
				CLANG_ANALYZER_LOCALIZABILITY_NONLOCALIZED = YES;
				CLANG_ANALYZER_NONNULL = YES;
				CLANG_ANALYZER_NUMBER_OBJECT_CONVERSION = YES_AGGRESSIVE;
				CLANG_CXX_LANGUAGE_STANDARD = "gnu++20";
				CLANG_ENABLE_MODULES = YES;
				CLANG_ENABLE_OBJC_ARC = YES;
				CLANG_ENABLE_OBJC_WEAK = YES;
				CLANG_WARN_BLOCK_CAPTURE_AUTORELEASING = YES;
				CLANG_WARN_BOOL_CONVERSION = YES;
				CLANG_WARN_COMMA = YES;
				CLANG_WARN_CONSTANT_CONVERSION = YES;
				CLANG_WARN_DEPRECATED_OBJC_IMPLEMENTATIONS = YES;
				CLANG_WARN_DIRECT_OBJC_ISA_USAGE = YES_ERROR;
				CLANG_WARN_DOCUMENTATION_COMMENTS = YES;
				CLANG_WARN_EMPTY_BODY = YES;
				CLANG_WARN_ENUM_CONVERSION = YES;
				CLANG_WARN_INFINITE_RECURSION = YES;
				CLANG_WARN_INT_CONVERSION = YES;
				CLANG_WARN_NON_LITERAL_NULL_CONVERSION = YES;
				CLANG_WARN_OBJC_IMPLICIT_RETAIN_SELF = YES;
				CLANG_WARN_OBJC_LITERAL_CONVERSION = YES;
				CLANG_WARN_OBJC_ROOT_CLASS = YES_ERROR;
				CLANG_WARN_QUOTED_INCLUDE_IN_FRAMEWORK_HEADER = YES;
				CLANG_WARN_RANGE_LOOP_ANALYSIS = YES;
				CLANG_WARN_STRICT_PROTOTYPES = YES;
				CLANG_WARN_SUSPICIOUS_MOVE = YES;
				CLANG_WARN_UNGUARDED_AVAILABILITY = YES_AGGRESSIVE;
				CLANG_WARN_UNREACHABLE_CODE = YES;
				CLANG_WARN__DUPLICATE_METHOD_MATCH = YES;
				COPY_PHASE_STRIP = NO;
				DEBUG_INFORMATION_FORMAT = dwarf;
				ENABLE_STRICT_OBJC_MSGSEND = YES;
				ENABLE_TESTABILITY = YES;
				GCC_C_LANGUAGE_STANDARD = gnu11;
				GCC_DYNAMIC_NO_PIC = NO;
				GCC_NO_COMMON_BLOCKS = YES;
				GCC_OPTIMIZATION_LEVEL = 0;
				GCC_PREPROCESSOR_DEFINITIONS = (
					"DEBUG=1",
					"$(inherited)",
				);
				GCC_WARN_64_TO_32_BIT_CONVERSION = YES;
				GCC_WARN_ABOUT_RETURN_TYPE = YES_ERROR;
				GCC_WARN_UNDECLARED_SELECTOR = YES;
				GCC_WARN_UNINITIALIZED_AUTOS = YES_AGGRESSIVE;
				GCC_WARN_UNUSED_FUNCTION = YES;
				GCC_WARN_UNUSED_VARIABLE = YES;
				IPHONEOS_DEPLOYMENT_TARGET = 16.0;
				MTL_ENABLE_DEBUG_INFO = INCLUDE_SOURCE;
				MTL_FAST_MATH = YES;
				ONLY_ACTIVE_ARCH = YES;
				SDKROOT = iphoneos;
				SWIFT_ACTIVE_COMPILATION_CONDITIONS = DEBUG;
				SWIFT_OPTIMIZATION_LEVEL = "-Onone";
			};
			name = Debug;
		};
		3CDBA12E288E759B00AB15C7 /* Release */ = {
			isa = XCBuildConfiguration;
			buildSettings = {
				ALWAYS_SEARCH_USER_PATHS = NO;
				CLANG_ANALYZER_LOCALIZABILITY_NONLOCALIZED = YES;
				CLANG_ANALYZER_NONNULL = YES;
				CLANG_ANALYZER_NUMBER_OBJECT_CONVERSION = YES_AGGRESSIVE;
				CLANG_CXX_LANGUAGE_STANDARD = "gnu++20";
				CLANG_ENABLE_MODULES = YES;
				CLANG_ENABLE_OBJC_ARC = YES;
				CLANG_ENABLE_OBJC_WEAK = YES;
				CLANG_WARN_BLOCK_CAPTURE_AUTORELEASING = YES;
				CLANG_WARN_BOOL_CONVERSION = YES;
				CLANG_WARN_COMMA = YES;
				CLANG_WARN_CONSTANT_CONVERSION = YES;
				CLANG_WARN_DEPRECATED_OBJC_IMPLEMENTATIONS = YES;
				CLANG_WARN_DIRECT_OBJC_ISA_USAGE = YES_ERROR;
				CLANG_WARN_DOCUMENTATION_COMMENTS = YES;
				CLANG_WARN_EMPTY_BODY = YES;
				CLANG_WARN_ENUM_CONVERSION = YES;
				CLANG_WARN_INFINITE_RECURSION = YES;
				CLANG_WARN_INT_CONVERSION = YES;
				CLANG_WARN_NON_LITERAL_NULL_CONVERSION = YES;
				CLANG_WARN_OBJC_IMPLICIT_RETAIN_SELF = YES;
				CLANG_WARN_OBJC_LITERAL_CONVERSION = YES;
				CLANG_WARN_OBJC_ROOT_CLASS = YES_ERROR;
				CLANG_WARN_QUOTED_INCLUDE_IN_FRAMEWORK_HEADER = YES;
				CLANG_WARN_RANGE_LOOP_ANALYSIS = YES;
				CLANG_WARN_STRICT_PROTOTYPES = YES;
				CLANG_WARN_SUSPICIOUS_MOVE = YES;
				CLANG_WARN_UNGUARDED_AVAILABILITY = YES_AGGRESSIVE;
				CLANG_WARN_UNREACHABLE_CODE = YES;
				CLANG_WARN__DUPLICATE_METHOD_MATCH = YES;
				COPY_PHASE_STRIP = NO;
				DEBUG_INFORMATION_FORMAT = "dwarf-with-dsym";
				ENABLE_NS_ASSERTIONS = NO;
				ENABLE_STRICT_OBJC_MSGSEND = YES;
				GCC_C_LANGUAGE_STANDARD = gnu11;
				GCC_NO_COMMON_BLOCKS = YES;
				GCC_WARN_64_TO_32_BIT_CONVERSION = YES;
				GCC_WARN_ABOUT_RETURN_TYPE = YES_ERROR;
				GCC_WARN_UNDECLARED_SELECTOR = YES;
				GCC_WARN_UNINITIALIZED_AUTOS = YES_AGGRESSIVE;
				GCC_WARN_UNUSED_FUNCTION = YES;
				GCC_WARN_UNUSED_VARIABLE = YES;
				IPHONEOS_DEPLOYMENT_TARGET = 16.0;
				MTL_ENABLE_DEBUG_INFO = NO;
				MTL_FAST_MATH = YES;
				SDKROOT = iphoneos;
				SWIFT_COMPILATION_MODE = wholemodule;
				SWIFT_OPTIMIZATION_LEVEL = "-O";
				VALIDATE_PRODUCT = YES;
			};
			name = Release;
		};
		3CDBA130288E759B00AB15C7 /* Debug */ = {
			isa = XCBuildConfiguration;
			buildSettings = {
				ASSETCATALOG_COMPILER_APPICON_NAME = AppIcon;
				ASSETCATALOG_COMPILER_GLOBAL_ACCENT_COLOR_NAME = AccentColor;
				CODE_SIGN_STYLE = Automatic;
				CURRENT_PROJECT_VERSION = 33;
				DEVELOPMENT_ASSET_PATHS = "\"Stellar/Preview Content\"";
				DEVELOPMENT_TEAM = 99M75C322U;
				ENABLE_PREVIEWS = YES;
				GENERATE_INFOPLIST_FILE = YES;
				INFOPLIST_KEY_LSApplicationCategoryType = "public.app-category.photography";
				INFOPLIST_KEY_NSPhotoLibraryAddUsageDescription = "If you autorise Stellar To The Moon to access to your library, you'll be able to download images, use it as wallpaper, share it and so on.";
				INFOPLIST_KEY_UIApplicationSceneManifest_Generation = YES;
				INFOPLIST_KEY_UIApplicationSupportsIndirectInputEvents = YES;
				INFOPLIST_KEY_UILaunchScreen_Generation = YES;
				INFOPLIST_KEY_UISupportedInterfaceOrientations = "UIInterfaceOrientationPortrait UIInterfaceOrientationPortraitUpsideDown UIInterfaceOrientationLandscapeRight UIInterfaceOrientationLandscapeLeft";
				INFOPLIST_KEY_UISupportedInterfaceOrientations_iPad = "UIInterfaceOrientationPortrait UIInterfaceOrientationPortraitUpsideDown UIInterfaceOrientationLandscapeLeft UIInterfaceOrientationLandscapeRight";
				INFOPLIST_KEY_UISupportedInterfaceOrientations_iPhone = "UIInterfaceOrientationPortrait UIInterfaceOrientationLandscapeLeft UIInterfaceOrientationLandscapeRight";
				IPHONEOS_DEPLOYMENT_TARGET = 15.0;
				LD_RUNPATH_SEARCH_PATHS = (
					"$(inherited)",
					"@executable_path/Frameworks",
				);
				MARKETING_VERSION = 2.0.3;
				PRODUCT_BUNDLE_IDENTIFIER = com.elliot.knight.NasaAstronomy;
				PRODUCT_NAME = "$(TARGET_NAME)";
				SWIFT_EMIT_LOC_STRINGS = YES;
				SWIFT_VERSION = 5.0;
				TARGETED_DEVICE_FAMILY = "1,2";
			};
			name = Debug;
		};
		3CDBA131288E759B00AB15C7 /* Release */ = {
			isa = XCBuildConfiguration;
			buildSettings = {
				ASSETCATALOG_COMPILER_APPICON_NAME = AppIcon;
				ASSETCATALOG_COMPILER_GLOBAL_ACCENT_COLOR_NAME = AccentColor;
				CODE_SIGN_STYLE = Automatic;
				CURRENT_PROJECT_VERSION = 33;
				DEVELOPMENT_ASSET_PATHS = "\"Stellar/Preview Content\"";
				DEVELOPMENT_TEAM = 99M75C322U;
				ENABLE_PREVIEWS = YES;
				GENERATE_INFOPLIST_FILE = YES;
				INFOPLIST_KEY_LSApplicationCategoryType = "public.app-category.photography";
				INFOPLIST_KEY_NSPhotoLibraryAddUsageDescription = "If you autorise Stellar To The Moon to access to your library, you'll be able to download images, use it as wallpaper, share it and so on.";
				INFOPLIST_KEY_UIApplicationSceneManifest_Generation = YES;
				INFOPLIST_KEY_UIApplicationSupportsIndirectInputEvents = YES;
				INFOPLIST_KEY_UILaunchScreen_Generation = YES;
				INFOPLIST_KEY_UISupportedInterfaceOrientations = "UIInterfaceOrientationPortrait UIInterfaceOrientationPortraitUpsideDown UIInterfaceOrientationLandscapeRight UIInterfaceOrientationLandscapeLeft";
				INFOPLIST_KEY_UISupportedInterfaceOrientations_iPad = "UIInterfaceOrientationPortrait UIInterfaceOrientationPortraitUpsideDown UIInterfaceOrientationLandscapeLeft UIInterfaceOrientationLandscapeRight";
				INFOPLIST_KEY_UISupportedInterfaceOrientations_iPhone = "UIInterfaceOrientationPortrait UIInterfaceOrientationLandscapeLeft UIInterfaceOrientationLandscapeRight";
				IPHONEOS_DEPLOYMENT_TARGET = 15.0;
				LD_RUNPATH_SEARCH_PATHS = (
					"$(inherited)",
					"@executable_path/Frameworks",
				);
				MARKETING_VERSION = 2.0.3;
				PRODUCT_BUNDLE_IDENTIFIER = com.elliot.knight.NasaAstronomy;
				PRODUCT_NAME = "$(TARGET_NAME)";
				SWIFT_EMIT_LOC_STRINGS = YES;
				SWIFT_VERSION = 5.0;
				TARGETED_DEVICE_FAMILY = "1,2";
			};
			name = Release;
		};
		3CDBA133288E759B00AB15C7 /* Debug */ = {
			isa = XCBuildConfiguration;
			buildSettings = {
				ALWAYS_EMBED_SWIFT_STANDARD_LIBRARIES = YES;
				BUNDLE_LOADER = "$(TEST_HOST)";
				CODE_SIGN_STYLE = Automatic;
				CURRENT_PROJECT_VERSION = 1;
				DEVELOPMENT_TEAM = 99M75C322U;
				GENERATE_INFOPLIST_FILE = YES;
				IPHONEOS_DEPLOYMENT_TARGET = 16.0;
				MARKETING_VERSION = 1.0;
				PRODUCT_BUNDLE_IDENTIFIER = com.elliot.knight..NasaDayAstronomyTests;
				PRODUCT_NAME = "$(TARGET_NAME)";
				SWIFT_EMIT_LOC_STRINGS = NO;
				SWIFT_VERSION = 5.0;
				TARGETED_DEVICE_FAMILY = "1,2";
				TEST_HOST = "$(BUILT_PRODUCTS_DIR)/Stellar.app/$(BUNDLE_EXECUTABLE_FOLDER_PATH)/Stellar";
			};
			name = Debug;
		};
		3CDBA134288E759B00AB15C7 /* Release */ = {
			isa = XCBuildConfiguration;
			buildSettings = {
				ALWAYS_EMBED_SWIFT_STANDARD_LIBRARIES = YES;
				BUNDLE_LOADER = "$(TEST_HOST)";
				CODE_SIGN_STYLE = Automatic;
				CURRENT_PROJECT_VERSION = 1;
				DEVELOPMENT_TEAM = 99M75C322U;
				GENERATE_INFOPLIST_FILE = YES;
				IPHONEOS_DEPLOYMENT_TARGET = 16.0;
				MARKETING_VERSION = 1.0;
				PRODUCT_BUNDLE_IDENTIFIER = com.elliot.knight..NasaDayAstronomyTests;
				PRODUCT_NAME = "$(TARGET_NAME)";
				SWIFT_EMIT_LOC_STRINGS = NO;
				SWIFT_VERSION = 5.0;
				TARGETED_DEVICE_FAMILY = "1,2";
				TEST_HOST = "$(BUILT_PRODUCTS_DIR)/Stellar.app/$(BUNDLE_EXECUTABLE_FOLDER_PATH)/Stellar";
			};
			name = Release;
		};
		3CDBA136288E759B00AB15C7 /* Debug */ = {
			isa = XCBuildConfiguration;
			buildSettings = {
				ALWAYS_EMBED_SWIFT_STANDARD_LIBRARIES = YES;
				CODE_SIGN_STYLE = Automatic;
				CURRENT_PROJECT_VERSION = 1;
				DEVELOPMENT_TEAM = 99M75C322U;
				GENERATE_INFOPLIST_FILE = YES;
				MARKETING_VERSION = 1.0;
				PRODUCT_BUNDLE_IDENTIFIER = com.elliot.knight..NasaDayAstronomyUITests;
				PRODUCT_NAME = "$(TARGET_NAME)";
				SWIFT_EMIT_LOC_STRINGS = NO;
				SWIFT_VERSION = 5.0;
				TARGETED_DEVICE_FAMILY = "1,2";
				TEST_TARGET_NAME = NasaDayAstronomy;
			};
			name = Debug;
		};
		3CDBA137288E759B00AB15C7 /* Release */ = {
			isa = XCBuildConfiguration;
			buildSettings = {
				ALWAYS_EMBED_SWIFT_STANDARD_LIBRARIES = YES;
				CODE_SIGN_STYLE = Automatic;
				CURRENT_PROJECT_VERSION = 1;
				DEVELOPMENT_TEAM = 99M75C322U;
				GENERATE_INFOPLIST_FILE = YES;
				MARKETING_VERSION = 1.0;
				PRODUCT_BUNDLE_IDENTIFIER = com.elliot.knight..NasaDayAstronomyUITests;
				PRODUCT_NAME = "$(TARGET_NAME)";
				SWIFT_EMIT_LOC_STRINGS = NO;
				SWIFT_VERSION = 5.0;
				TARGETED_DEVICE_FAMILY = "1,2";
				TEST_TARGET_NAME = NasaDayAstronomy;
			};
			name = Release;
		};
/* End XCBuildConfiguration section */

/* Begin XCConfigurationList section */
		3CDBA106288E759A00AB15C7 /* Build configuration list for PBXProject "Stellar" */ = {
			isa = XCConfigurationList;
			buildConfigurations = (
				3CDBA12D288E759B00AB15C7 /* Debug */,
				3CDBA12E288E759B00AB15C7 /* Release */,
			);
			defaultConfigurationIsVisible = 0;
			defaultConfigurationName = Release;
		};
		3CDBA12F288E759B00AB15C7 /* Build configuration list for PBXNativeTarget "Stellar" */ = {
			isa = XCConfigurationList;
			buildConfigurations = (
				3CDBA130288E759B00AB15C7 /* Debug */,
				3CDBA131288E759B00AB15C7 /* Release */,
			);
			defaultConfigurationIsVisible = 0;
			defaultConfigurationName = Release;
		};
		3CDBA132288E759B00AB15C7 /* Build configuration list for PBXNativeTarget "StellarTests" */ = {
			isa = XCConfigurationList;
			buildConfigurations = (
				3CDBA133288E759B00AB15C7 /* Debug */,
				3CDBA134288E759B00AB15C7 /* Release */,
			);
			defaultConfigurationIsVisible = 0;
			defaultConfigurationName = Release;
		};
		3CDBA135288E759B00AB15C7 /* Build configuration list for PBXNativeTarget "StellarUITests" */ = {
			isa = XCConfigurationList;
			buildConfigurations = (
				3CDBA136288E759B00AB15C7 /* Debug */,
				3CDBA137288E759B00AB15C7 /* Release */,
			);
			defaultConfigurationIsVisible = 0;
			defaultConfigurationName = Release;
		};
/* End XCConfigurationList section */

/* Begin XCRemoteSwiftPackageReference section */
		3CBBA48028AFA78D0062A498 /* XCRemoteSwiftPackageReference "RefreshableScrollView" */ = {
			isa = XCRemoteSwiftPackageReference;
			repositoryURL = "https://github.com/Q42/RefreshableScrollView";
			requirement = {
				kind = upToNextMajorVersion;
				minimumVersion = 0.0.2;
			};
		};
		3CBF0C4A28917A7E00010691 /* XCRemoteSwiftPackageReference "ActivityIndicatorView" */ = {
			isa = XCRemoteSwiftPackageReference;
			repositoryURL = "https://github.com/exyte/ActivityIndicatorView";
			requirement = {
				kind = upToNextMajorVersion;
				minimumVersion = 1.0.0;
			};
		};
		3CC4922C28BE5F4D00C0B89B /* XCRemoteSwiftPackageReference "StellarMoonKit" */ = {
			isa = XCRemoteSwiftPackageReference;
			repositoryURL = "https://github.com/Harry-KNIGHT/StellarMoonKit";
			requirement = {
				branch = main;
				kind = branch;
			};
		};
/* End XCRemoteSwiftPackageReference section */

/* Begin XCSwiftPackageProductDependency section */
		3CBBA48128AFA78D0062A498 /* RefreshableScrollView */ = {
			isa = XCSwiftPackageProductDependency;
			package = 3CBBA48028AFA78D0062A498 /* XCRemoteSwiftPackageReference "RefreshableScrollView" */;
			productName = RefreshableScrollView;
		};
		3CBF0C4B28917A7E00010691 /* ActivityIndicatorView */ = {
			isa = XCSwiftPackageProductDependency;
			package = 3CBF0C4A28917A7E00010691 /* XCRemoteSwiftPackageReference "ActivityIndicatorView" */;
			productName = ActivityIndicatorView;
		};
		3CC4922D28BE5F4D00C0B89B /* StellarMoonKit */ = {
			isa = XCSwiftPackageProductDependency;
			package = 3CC4922C28BE5F4D00C0B89B /* XCRemoteSwiftPackageReference "StellarMoonKit" */;
			productName = StellarMoonKit;
		};
/* End XCSwiftPackageProductDependency section */
	};
	rootObject = 3CDBA103288E759A00AB15C7 /* Project object */;
}
