// !$*UTF8*$!
{
	archiveVersion = 1;
	classes = {
	};
	objectVersion = 55;
	objects = {

/* Begin PBXBuildFile section */
		3C03EADF2937EC190023EC26 /* FavoritesListView.swift in Sources */ = {isa = PBXBuildFile; fileRef = 3C03EADE2937EC190023EC26 /* FavoritesListView.swift */; };
		3C08D3602984537E0030D45B /* SearchDateArticleViewModel.swift in Sources */ = {isa = PBXBuildFile; fileRef = 3C08D35F2984537E0030D45B /* SearchDateArticleViewModel.swift */; };
		3C08D3642985C4BA0030D45B /* GenerateRandomArticleButtonCell.swift in Sources */ = {isa = PBXBuildFile; fileRef = 3C08D3632985C4BA0030D45B /* GenerateRandomArticleButtonCell.swift */; };
		3C0C46552937EE18004DABB7 /* ArticlesGridView.swift in Sources */ = {isa = PBXBuildFile; fileRef = 3C0C46542937EE18004DABB7 /* ArticlesGridView.swift */; };
		3C0F8FBE29D716FF001134B5 /* Localizable.strings in Resources */ = {isa = PBXBuildFile; fileRef = 3C0F8FBD29D716FF001134B5 /* Localizable.strings */; };
		3C20C9F129C5A51A0045523A /* Stickers.xcassets in Resources */ = {isa = PBXBuildFile; fileRef = 3C20C9F029C5A51A0045523A /* Stickers.xcassets */; };
		3C20C9F529C5A51A0045523A /* StellarStickers.appex in Embed Foundation Extensions */ = {isa = PBXBuildFile; fileRef = 3C20C9EE29C5A5190045523A /* StellarStickers.appex */; settings = {ATTRIBUTES = (RemoveHeadersOnCopy, ); }; };
		3C266B9D2981BEC400A9A888 /* RandomArticleButtonCell.swift in Sources */ = {isa = PBXBuildFile; fileRef = 3C266B9C2981BEC400A9A888 /* RandomArticleButtonCell.swift */; };
		3C266B9F2981C06500A9A888 /* CustomButtonStyle.swift in Sources */ = {isa = PBXBuildFile; fileRef = 3C266B9E2981C06500A9A888 /* CustomButtonStyle.swift */; };
		3C36E86B2A12A92F00BB9CDB /* DeeplinkManager.swift in Sources */ = {isa = PBXBuildFile; fileRef = 3C36E86A2A12A92F00BB9CDB /* DeeplinkManager.swift */; };
		3C36E8732A12BF2B00BB9CDB /* WidgetKit.framework in Frameworks */ = {isa = PBXBuildFile; fileRef = 3C36E8722A12BF2B00BB9CDB /* WidgetKit.framework */; };
		3C36E8752A12BF2B00BB9CDB /* SwiftUI.framework in Frameworks */ = {isa = PBXBuildFile; fileRef = 3C36E8742A12BF2B00BB9CDB /* SwiftUI.framework */; };
		3C36E8782A12BF2B00BB9CDB /* StellarWidgetBundle.swift in Sources */ = {isa = PBXBuildFile; fileRef = 3C36E8772A12BF2B00BB9CDB /* StellarWidgetBundle.swift */; };
		3C36E87A2A12BF2B00BB9CDB /* StellarWidget.swift in Sources */ = {isa = PBXBuildFile; fileRef = 3C36E8792A12BF2B00BB9CDB /* StellarWidget.swift */; };
		3C36E87C2A12BF2C00BB9CDB /* Assets.xcassets in Resources */ = {isa = PBXBuildFile; fileRef = 3C36E87B2A12BF2C00BB9CDB /* Assets.xcassets */; };
		3C36E8802A12BF2C00BB9CDB /* StellarWidgetExtension.appex in Embed Foundation Extensions */ = {isa = PBXBuildFile; fileRef = 3C36E8712A12BF2B00BB9CDB /* StellarWidgetExtension.appex */; settings = {ATTRIBUTES = (RemoveHeadersOnCopy, ); }; };
		3C36E8842A12BFA600BB9CDB /* FetchArticlesViewModel.swift in Sources */ = {isa = PBXBuildFile; fileRef = 3C5555D5289058FF0093122A /* FetchArticlesViewModel.swift */; };
		3C36E8862A12C09800BB9CDB /* StellarMoonKit in Frameworks */ = {isa = PBXBuildFile; productRef = 3C36E8852A12C09800BB9CDB /* StellarMoonKit */; };
		3C36E8892A12C37700BB9CDB /* NetworkImage.swift in Sources */ = {isa = PBXBuildFile; fileRef = 3C36E8872A12C35100BB9CDB /* NetworkImage.swift */; };
		3C41BEA52928D3B5002043D4 /* ArticleImageListCell.swift in Sources */ = {isa = PBXBuildFile; fileRef = 3C41BEA42928D3B5002043D4 /* ArticleImageListCell.swift */; };
		3C44F34D29AA810E00E47CB1 /* NotificationService.swift in Sources */ = {isa = PBXBuildFile; fileRef = 3C44F34C29AA810E00E47CB1 /* NotificationService.swift */; };
		3C44F35129AA810E00E47CB1 /* StellarNotificationServiceExtension.appex in Embed Foundation Extensions */ = {isa = PBXBuildFile; fileRef = 3C44F34A29AA810E00E47CB1 /* StellarNotificationServiceExtension.appex */; settings = {ATTRIBUTES = (RemoveHeadersOnCopy, ); }; };
		3C44F35629AA826000E47CB1 /* NotificationService.swift in Sources */ = {isa = PBXBuildFile; fileRef = 3C44F35529AA826000E47CB1 /* NotificationService.swift */; };
		3C44F35929AA82AF00E47CB1 /* OneSignal in Frameworks */ = {isa = PBXBuildFile; productRef = 3C44F35829AA82AF00E47CB1 /* OneSignal */; };
		3C46134C292A68320087214C /* BackgroundImageCell.swift in Sources */ = {isa = PBXBuildFile; fileRef = 3C46134B292A68320087214C /* BackgroundImageCell.swift */; };
		3C4B73CE29DF5FA600462FFB /* StellarMoonKit in Frameworks */ = {isa = PBXBuildFile; productRef = 3C4B73CD29DF5FA600462FFB /* StellarMoonKit */; };
		3C5555CB288F12640093122A /* ArticleImageView.swift in Sources */ = {isa = PBXBuildFile; fileRef = 3C5555CA288F12640093122A /* ArticleImageView.swift */; };
		3C5555CD288F21440093122A /* README.md in Resources */ = {isa = PBXBuildFile; fileRef = 3C5555CC288F21440093122A /* README.md */; };
		3C5555D1289057E80093122A /* ArticleDetailView.swift in Sources */ = {isa = PBXBuildFile; fileRef = 3C5555D0289057E80093122A /* ArticleDetailView.swift */; };
		3C5555D3289058C50093122A /* MainScreen.swift in Sources */ = {isa = PBXBuildFile; fileRef = 3C5555D2289058C50093122A /* MainScreen.swift */; };
		3C5555D6289058FF0093122A /* FetchArticlesViewModel.swift in Sources */ = {isa = PBXBuildFile; fileRef = 3C5555D5289058FF0093122A /* FetchArticlesViewModel.swift */; };
		3C57F3322938A1DB001F74A0 /* CachedAsyncImage in Frameworks */ = {isa = PBXBuildFile; productRef = 3C57F3312938A1DB001F74A0 /* CachedAsyncImage */; };
		3C57F3342938A213001F74A0 /* URLCache.swift in Sources */ = {isa = PBXBuildFile; fileRef = 3C57F3332938A213001F74A0 /* URLCache.swift */; };
		3C6878F2289A5C3300B99797 /* ImageSaver.swift in Sources */ = {isa = PBXBuildFile; fileRef = 3C6878F1289A5C3300B99797 /* ImageSaver.swift */; };
		3C7F9681293A390200B949DD /* DownloadImageButton.swift in Sources */ = {isa = PBXBuildFile; fileRef = 3C7F9680293A390200B949DD /* DownloadImageButton.swift */; };
		3C7F9685293A3DFF00B949DD /* LoadingArticleImagePlaceholder.swift in Sources */ = {isa = PBXBuildFile; fileRef = 3C7F9684293A3DFF00B949DD /* LoadingArticleImagePlaceholder.swift */; };
		3CA718CE292964990075E0D5 /* ShowFavSheetButtonCell.swift in Sources */ = {isa = PBXBuildFile; fileRef = 3CA718CD292964990075E0D5 /* ShowFavSheetButtonCell.swift */; };
		3CA718D0292965530075E0D5 /* AddFavoriteButtonCell.swift in Sources */ = {isa = PBXBuildFile; fileRef = 3CA718CF292965530075E0D5 /* AddFavoriteButtonCell.swift */; };
		3CA91F0F2961B6AB0030069B /* FavoritesViewModelTests.swift in Sources */ = {isa = PBXBuildFile; fileRef = 3CA91F0E2961B6AB0030069B /* FavoritesViewModelTests.swift */; };
		3CAD9C3E2981BC2A00384F4D /* SearchDateArticleView.swift in Sources */ = {isa = PBXBuildFile; fileRef = 3CAD9C3D2981BC2A00384F4D /* SearchDateArticleView.swift */; };
		3CB0ADCC29B4A74800261ECF /* ArticleDetailBodyView.swift in Sources */ = {isa = PBXBuildFile; fileRef = 3CB0ADCB29B4A74800261ECF /* ArticleDetailBodyView.swift */; };
		3CB7A12129F5AF3F00F074F1 /* StellarMoonKit in Frameworks */ = {isa = PBXBuildFile; productRef = 3CB7A12029F5AF3F00F074F1 /* StellarMoonKit */; };
		3CBB34A428BE35F700AC0EDF /* RowCell.swift in Sources */ = {isa = PBXBuildFile; fileRef = 3CBB34A328BE35F700AC0EDF /* RowCell.swift */; };
		3CBF0C42289134EE00010691 /* FavoriteViewModel.swift in Sources */ = {isa = PBXBuildFile; fileRef = 3CBF0C41289134EE00010691 /* FavoriteViewModel.swift */; };
		3CBF0C452891371E00010691 /* FavoritesArticlesView.swift in Sources */ = {isa = PBXBuildFile; fileRef = 3CBF0C442891371E00010691 /* FavoritesArticlesView.swift */; };
		3CBF0C4728913B5700010691 /* EmptyView.swift in Sources */ = {isa = PBXBuildFile; fileRef = 3CBF0C4628913B5700010691 /* EmptyView.swift */; };
		3CBF0C4E2891AA1D00010691 /* LoadingView.swift in Sources */ = {isa = PBXBuildFile; fileRef = 3CBF0C4D2891AA1D00010691 /* LoadingView.swift */; };
		3CC944B528B3A74800447BB6 /* DownloadImageViewModel.swift in Sources */ = {isa = PBXBuildFile; fileRef = 3CC944B428B3A74800447BB6 /* DownloadImageViewModel.swift */; };
		3CDBA10F288E759A00AB15C7 /* NasaDayAstronomyApp.swift in Sources */ = {isa = PBXBuildFile; fileRef = 3CDBA10E288E759A00AB15C7 /* NasaDayAstronomyApp.swift */; };
		3CDBA113288E759B00AB15C7 /* Assets.xcassets in Resources */ = {isa = PBXBuildFile; fileRef = 3CDBA112288E759B00AB15C7 /* Assets.xcassets */; };
		3CDBA116288E759B00AB15C7 /* Preview Assets.xcassets in Resources */ = {isa = PBXBuildFile; fileRef = 3CDBA115288E759B00AB15C7 /* Preview Assets.xcassets */; };
		3CEC397F29A6A4E7009CEB2A /* HeadbandsDetailButtonsView.swift in Sources */ = {isa = PBXBuildFile; fileRef = 3CEC397E29A6A4E7009CEB2A /* HeadbandsDetailButtonsView.swift */; };
		3CF9A87B29D4C7BD009A8DBB /* PinchZoom.swift in Sources */ = {isa = PBXBuildFile; fileRef = 3CF9A87A29D4C7BD009A8DBB /* PinchZoom.swift */; };
		3CF9A87D29D4C8DF009A8DBB /* ScreenBound.swift in Sources */ = {isa = PBXBuildFile; fileRef = 3CF9A87C29D4C8DF009A8DBB /* ScreenBound.swift */; };
/* End PBXBuildFile section */

/* Begin PBXContainerItemProxy section */
		3C20C9F329C5A51A0045523A /* PBXContainerItemProxy */ = {
			isa = PBXContainerItemProxy;
			containerPortal = 3CDBA103288E759A00AB15C7 /* Project object */;
			proxyType = 1;
			remoteGlobalIDString = 3C20C9ED29C5A5190045523A;
			remoteInfo = StellarStickers;
		};
		3C36E87E2A12BF2C00BB9CDB /* PBXContainerItemProxy */ = {
			isa = PBXContainerItemProxy;
			containerPortal = 3CDBA103288E759A00AB15C7 /* Project object */;
			proxyType = 1;
			remoteGlobalIDString = 3C36E8702A12BF2B00BB9CDB;
			remoteInfo = StellarWidgetExtension;
		};
		3C44F34F29AA810E00E47CB1 /* PBXContainerItemProxy */ = {
			isa = PBXContainerItemProxy;
			containerPortal = 3CDBA103288E759A00AB15C7 /* Project object */;
			proxyType = 1;
			remoteGlobalIDString = 3C44F34929AA810E00E47CB1;
			remoteInfo = StellarNotificationServiceExtension;
		};
		3CA91F092961B6730030069B /* PBXContainerItemProxy */ = {
			isa = PBXContainerItemProxy;
			containerPortal = 3CDBA103288E759A00AB15C7 /* Project object */;
			proxyType = 1;
			remoteGlobalIDString = 3CDBA10A288E759A00AB15C7;
			remoteInfo = Stellar;
		};
/* End PBXContainerItemProxy section */

/* Begin PBXCopyFilesBuildPhase section */
		3CBB34D228BE491800AC0EDF /* Embed Foundation Extensions */ = {
			isa = PBXCopyFilesBuildPhase;
			buildActionMask = 2147483647;
			dstPath = "";
			dstSubfolderSpec = 13;
			files = (
				3C36E8802A12BF2C00BB9CDB /* StellarWidgetExtension.appex in Embed Foundation Extensions */,
				3C20C9F529C5A51A0045523A /* StellarStickers.appex in Embed Foundation Extensions */,
				3C44F35129AA810E00E47CB1 /* StellarNotificationServiceExtension.appex in Embed Foundation Extensions */,
			);
			name = "Embed Foundation Extensions";
			runOnlyForDeploymentPostprocessing = 0;
		};
/* End PBXCopyFilesBuildPhase section */

/* Begin PBXFileReference section */
		3C03EADE2937EC190023EC26 /* FavoritesListView.swift */ = {isa = PBXFileReference; lastKnownFileType = sourcecode.swift; path = FavoritesListView.swift; sourceTree = "<group>"; };
		3C08D35F2984537E0030D45B /* SearchDateArticleViewModel.swift */ = {isa = PBXFileReference; lastKnownFileType = sourcecode.swift; path = SearchDateArticleViewModel.swift; sourceTree = "<group>"; };
		3C08D3632985C4BA0030D45B /* GenerateRandomArticleButtonCell.swift */ = {isa = PBXFileReference; lastKnownFileType = sourcecode.swift; path = GenerateRandomArticleButtonCell.swift; sourceTree = "<group>"; };
		3C0C46542937EE18004DABB7 /* ArticlesGridView.swift */ = {isa = PBXFileReference; lastKnownFileType = sourcecode.swift; path = ArticlesGridView.swift; sourceTree = "<group>"; };
		3C0F8FBD29D716FF001134B5 /* Localizable.strings */ = {isa = PBXFileReference; lastKnownFileType = text.plist.strings; path = Localizable.strings; sourceTree = "<group>"; };
		3C20C9EE29C5A5190045523A /* StellarStickers.appex */ = {isa = PBXFileReference; explicitFileType = "wrapper.app-extension"; includeInIndex = 0; path = StellarStickers.appex; sourceTree = BUILT_PRODUCTS_DIR; };
		3C20C9F029C5A51A0045523A /* Stickers.xcassets */ = {isa = PBXFileReference; lastKnownFileType = folder.assetcatalog; path = Stickers.xcassets; sourceTree = "<group>"; };
		3C20C9F229C5A51A0045523A /* Info.plist */ = {isa = PBXFileReference; lastKnownFileType = text.plist.xml; path = Info.plist; sourceTree = "<group>"; };
		3C266B9C2981BEC400A9A888 /* RandomArticleButtonCell.swift */ = {isa = PBXFileReference; lastKnownFileType = sourcecode.swift; path = RandomArticleButtonCell.swift; sourceTree = "<group>"; };
		3C266B9E2981C06500A9A888 /* CustomButtonStyle.swift */ = {isa = PBXFileReference; lastKnownFileType = sourcecode.swift; path = CustomButtonStyle.swift; sourceTree = "<group>"; };
		3C36E86A2A12A92F00BB9CDB /* DeeplinkManager.swift */ = {isa = PBXFileReference; lastKnownFileType = sourcecode.swift; path = DeeplinkManager.swift; sourceTree = "<group>"; };
		3C36E8712A12BF2B00BB9CDB /* StellarWidgetExtension.appex */ = {isa = PBXFileReference; explicitFileType = "wrapper.app-extension"; includeInIndex = 0; path = StellarWidgetExtension.appex; sourceTree = BUILT_PRODUCTS_DIR; };
		3C36E8722A12BF2B00BB9CDB /* WidgetKit.framework */ = {isa = PBXFileReference; lastKnownFileType = wrapper.framework; name = WidgetKit.framework; path = System/Library/Frameworks/WidgetKit.framework; sourceTree = SDKROOT; };
		3C36E8742A12BF2B00BB9CDB /* SwiftUI.framework */ = {isa = PBXFileReference; lastKnownFileType = wrapper.framework; name = SwiftUI.framework; path = System/Library/Frameworks/SwiftUI.framework; sourceTree = SDKROOT; };
		3C36E8772A12BF2B00BB9CDB /* StellarWidgetBundle.swift */ = {isa = PBXFileReference; lastKnownFileType = sourcecode.swift; path = StellarWidgetBundle.swift; sourceTree = "<group>"; };
		3C36E8792A12BF2B00BB9CDB /* StellarWidget.swift */ = {isa = PBXFileReference; lastKnownFileType = sourcecode.swift; path = StellarWidget.swift; sourceTree = "<group>"; };
		3C36E87B2A12BF2C00BB9CDB /* Assets.xcassets */ = {isa = PBXFileReference; lastKnownFileType = folder.assetcatalog; path = Assets.xcassets; sourceTree = "<group>"; };
		3C36E87D2A12BF2C00BB9CDB /* Info.plist */ = {isa = PBXFileReference; lastKnownFileType = text.plist.xml; path = Info.plist; sourceTree = "<group>"; };
		3C36E8872A12C35100BB9CDB /* NetworkImage.swift */ = {isa = PBXFileReference; lastKnownFileType = sourcecode.swift; path = NetworkImage.swift; sourceTree = "<group>"; };
		3C41BEA42928D3B5002043D4 /* ArticleImageListCell.swift */ = {isa = PBXFileReference; lastKnownFileType = sourcecode.swift; path = ArticleImageListCell.swift; sourceTree = "<group>"; };
		3C44F34A29AA810E00E47CB1 /* StellarNotificationServiceExtension.appex */ = {isa = PBXFileReference; explicitFileType = "wrapper.app-extension"; includeInIndex = 0; path = StellarNotificationServiceExtension.appex; sourceTree = BUILT_PRODUCTS_DIR; };
		3C44F34C29AA810E00E47CB1 /* NotificationService.swift */ = {isa = PBXFileReference; lastKnownFileType = sourcecode.swift; path = NotificationService.swift; sourceTree = "<group>"; };
		3C44F34E29AA810E00E47CB1 /* Info.plist */ = {isa = PBXFileReference; lastKnownFileType = text.plist.xml; path = Info.plist; sourceTree = "<group>"; };
		3C44F35529AA826000E47CB1 /* NotificationService.swift */ = {isa = PBXFileReference; lastKnownFileType = sourcecode.swift; path = NotificationService.swift; sourceTree = "<group>"; };
		3C44F35A29AA82D300E47CB1 /* Stellar.entitlements */ = {isa = PBXFileReference; lastKnownFileType = text.plist.entitlements; path = Stellar.entitlements; sourceTree = "<group>"; };
		3C44F35B29AA82DC00E47CB1 /* Info.plist */ = {isa = PBXFileReference; lastKnownFileType = text.plist.xml; path = Info.plist; sourceTree = "<group>"; };
		3C44F35C29AA93B600E47CB1 /* StellarNotificationServiceExtension.entitlements */ = {isa = PBXFileReference; lastKnownFileType = text.plist.entitlements; path = StellarNotificationServiceExtension.entitlements; sourceTree = "<group>"; };
		3C46134B292A68320087214C /* BackgroundImageCell.swift */ = {isa = PBXFileReference; lastKnownFileType = sourcecode.swift; path = BackgroundImageCell.swift; sourceTree = "<group>"; };
		3C5555CA288F12640093122A /* ArticleImageView.swift */ = {isa = PBXFileReference; lastKnownFileType = sourcecode.swift; path = ArticleImageView.swift; sourceTree = "<group>"; };
		3C5555CC288F21440093122A /* README.md */ = {isa = PBXFileReference; fileEncoding = 4; lastKnownFileType = net.daringfireball.markdown; path = README.md; sourceTree = "<group>"; };
		3C5555D0289057E80093122A /* ArticleDetailView.swift */ = {isa = PBXFileReference; lastKnownFileType = sourcecode.swift; path = ArticleDetailView.swift; sourceTree = "<group>"; };
		3C5555D2289058C50093122A /* MainScreen.swift */ = {isa = PBXFileReference; lastKnownFileType = sourcecode.swift; path = MainScreen.swift; sourceTree = "<group>"; };
		3C5555D5289058FF0093122A /* FetchArticlesViewModel.swift */ = {isa = PBXFileReference; lastKnownFileType = sourcecode.swift; path = FetchArticlesViewModel.swift; sourceTree = "<group>"; };
		3C57F3332938A213001F74A0 /* URLCache.swift */ = {isa = PBXFileReference; lastKnownFileType = sourcecode.swift; path = URLCache.swift; sourceTree = "<group>"; };
		3C6878F1289A5C3300B99797 /* ImageSaver.swift */ = {isa = PBXFileReference; lastKnownFileType = sourcecode.swift; path = ImageSaver.swift; sourceTree = "<group>"; };
		3C7F9680293A390200B949DD /* DownloadImageButton.swift */ = {isa = PBXFileReference; lastKnownFileType = sourcecode.swift; path = DownloadImageButton.swift; sourceTree = "<group>"; };
		3C7F9684293A3DFF00B949DD /* LoadingArticleImagePlaceholder.swift */ = {isa = PBXFileReference; lastKnownFileType = sourcecode.swift; path = LoadingArticleImagePlaceholder.swift; sourceTree = "<group>"; };
		3CA718CD292964990075E0D5 /* ShowFavSheetButtonCell.swift */ = {isa = PBXFileReference; lastKnownFileType = sourcecode.swift; path = ShowFavSheetButtonCell.swift; sourceTree = "<group>"; };
		3CA718CF292965530075E0D5 /* AddFavoriteButtonCell.swift */ = {isa = PBXFileReference; lastKnownFileType = sourcecode.swift; path = AddFavoriteButtonCell.swift; sourceTree = "<group>"; };
		3CA91F052961B6730030069B /* StellarTests.xctest */ = {isa = PBXFileReference; explicitFileType = wrapper.cfbundle; includeInIndex = 0; path = StellarTests.xctest; sourceTree = BUILT_PRODUCTS_DIR; };
		3CA91F0E2961B6AB0030069B /* FavoritesViewModelTests.swift */ = {isa = PBXFileReference; lastKnownFileType = sourcecode.swift; path = FavoritesViewModelTests.swift; sourceTree = "<group>"; };
		3CAD9C3D2981BC2A00384F4D /* SearchDateArticleView.swift */ = {isa = PBXFileReference; lastKnownFileType = sourcecode.swift; path = SearchDateArticleView.swift; sourceTree = "<group>"; };
		3CB0ADCB29B4A74800261ECF /* ArticleDetailBodyView.swift */ = {isa = PBXFileReference; fileEncoding = 4; lastKnownFileType = sourcecode.swift; path = ArticleDetailBodyView.swift; sourceTree = "<group>"; };
		3CBB34A328BE35F700AC0EDF /* RowCell.swift */ = {isa = PBXFileReference; lastKnownFileType = sourcecode.swift; path = RowCell.swift; sourceTree = "<group>"; };
		3CBF0C41289134EE00010691 /* FavoriteViewModel.swift */ = {isa = PBXFileReference; lastKnownFileType = sourcecode.swift; path = FavoriteViewModel.swift; sourceTree = "<group>"; };
		3CBF0C442891371E00010691 /* FavoritesArticlesView.swift */ = {isa = PBXFileReference; lastKnownFileType = sourcecode.swift; path = FavoritesArticlesView.swift; sourceTree = "<group>"; };
		3CBF0C4628913B5700010691 /* EmptyView.swift */ = {isa = PBXFileReference; lastKnownFileType = sourcecode.swift; path = EmptyView.swift; sourceTree = "<group>"; };
		3CBF0C4D2891AA1D00010691 /* LoadingView.swift */ = {isa = PBXFileReference; lastKnownFileType = sourcecode.swift; path = LoadingView.swift; sourceTree = "<group>"; };
		3CC944B428B3A74800447BB6 /* DownloadImageViewModel.swift */ = {isa = PBXFileReference; lastKnownFileType = sourcecode.swift; path = DownloadImageViewModel.swift; sourceTree = "<group>"; };
		3CDBA10B288E759A00AB15C7 /* Stellar.app */ = {isa = PBXFileReference; explicitFileType = wrapper.application; includeInIndex = 0; path = Stellar.app; sourceTree = BUILT_PRODUCTS_DIR; };
		3CDBA10E288E759A00AB15C7 /* NasaDayAstronomyApp.swift */ = {isa = PBXFileReference; lastKnownFileType = sourcecode.swift; path = NasaDayAstronomyApp.swift; sourceTree = "<group>"; };
		3CDBA112288E759B00AB15C7 /* Assets.xcassets */ = {isa = PBXFileReference; lastKnownFileType = folder.assetcatalog; path = Assets.xcassets; sourceTree = "<group>"; };
		3CDBA115288E759B00AB15C7 /* Preview Assets.xcassets */ = {isa = PBXFileReference; lastKnownFileType = folder.assetcatalog; path = "Preview Assets.xcassets"; sourceTree = "<group>"; };
		3CEC397E29A6A4E7009CEB2A /* HeadbandsDetailButtonsView.swift */ = {isa = PBXFileReference; lastKnownFileType = sourcecode.swift; path = HeadbandsDetailButtonsView.swift; sourceTree = "<group>"; };
		3CF9A87A29D4C7BD009A8DBB /* PinchZoom.swift */ = {isa = PBXFileReference; lastKnownFileType = sourcecode.swift; path = PinchZoom.swift; sourceTree = "<group>"; };
		3CF9A87C29D4C8DF009A8DBB /* ScreenBound.swift */ = {isa = PBXFileReference; lastKnownFileType = sourcecode.swift; path = ScreenBound.swift; sourceTree = "<group>"; };
/* End PBXFileReference section */

/* Begin PBXFrameworksBuildPhase section */
		3C36E86E2A12BF2B00BB9CDB /* Frameworks */ = {
			isa = PBXFrameworksBuildPhase;
			buildActionMask = 2147483647;
			files = (
				3C36E8752A12BF2B00BB9CDB /* SwiftUI.framework in Frameworks */,
				3C36E8862A12C09800BB9CDB /* StellarMoonKit in Frameworks */,
				3C36E8732A12BF2B00BB9CDB /* WidgetKit.framework in Frameworks */,
			);
			runOnlyForDeploymentPostprocessing = 0;
		};
		3C44F34729AA810E00E47CB1 /* Frameworks */ = {
			isa = PBXFrameworksBuildPhase;
			buildActionMask = 2147483647;
			files = (
			);
			runOnlyForDeploymentPostprocessing = 0;
		};
		3CA91F022961B6730030069B /* Frameworks */ = {
			isa = PBXFrameworksBuildPhase;
			buildActionMask = 2147483647;
			files = (
			);
			runOnlyForDeploymentPostprocessing = 0;
		};
		3CDBA108288E759A00AB15C7 /* Frameworks */ = {
			isa = PBXFrameworksBuildPhase;
			buildActionMask = 2147483647;
			files = (
				3C57F3322938A1DB001F74A0 /* CachedAsyncImage in Frameworks */,
				3C44F35929AA82AF00E47CB1 /* OneSignal in Frameworks */,
				3CB7A12129F5AF3F00F074F1 /* StellarMoonKit in Frameworks */,
				3C4B73CE29DF5FA600462FFB /* StellarMoonKit in Frameworks */,
			);
			runOnlyForDeploymentPostprocessing = 0;
		};
/* End PBXFrameworksBuildPhase section */

/* Begin PBXGroup section */
		3C03EADD2937E97A0023EC26 /* Grids */ = {
			isa = PBXGroup;
			children = (
				3C0C46542937EE18004DABB7 /* ArticlesGridView.swift */,
			);
			path = Grids;
			sourceTree = "<group>";
		};
		3C03EAE02937EC540023EC26 /* Lists */ = {
			isa = PBXGroup;
			children = (
				3C03EADE2937EC190023EC26 /* FavoritesListView.swift */,
			);
			path = Lists;
			sourceTree = "<group>";
		};
		3C0F8FBC29D716CF001134B5 /* Ressources */ = {
			isa = PBXGroup;
			children = (
				3C0F8FBD29D716FF001134B5 /* Localizable.strings */,
			);
			name = Ressources;
			sourceTree = "<group>";
		};
		3C20C9EF29C5A5190045523A /* StellarStickers */ = {
			isa = PBXGroup;
			children = (
				3C20C9F029C5A51A0045523A /* Stickers.xcassets */,
				3C20C9F229C5A51A0045523A /* Info.plist */,
			);
			path = StellarStickers;
			sourceTree = "<group>";
		};
		3C36E86C2A12A93300BB9CDB /* Managers */ = {
			isa = PBXGroup;
			children = (
				3C36E86A2A12A92F00BB9CDB /* DeeplinkManager.swift */,
			);
			path = Managers;
			sourceTree = "<group>";
		};
		3C36E8762A12BF2B00BB9CDB /* StellarWidget */ = {
			isa = PBXGroup;
			children = (
				3C36E8772A12BF2B00BB9CDB /* StellarWidgetBundle.swift */,
				3C36E8792A12BF2B00BB9CDB /* StellarWidget.swift */,
				3C36E8872A12C35100BB9CDB /* NetworkImage.swift */,
				3C36E87B2A12BF2C00BB9CDB /* Assets.xcassets */,
				3C36E87D2A12BF2C00BB9CDB /* Info.plist */,
			);
			path = StellarWidget;
			sourceTree = "<group>";
		};
		3C44F34B29AA810E00E47CB1 /* StellarNotificationServiceExtension */ = {
			isa = PBXGroup;
			children = (
				3C44F35C29AA93B600E47CB1 /* StellarNotificationServiceExtension.entitlements */,
				3C44F34C29AA810E00E47CB1 /* NotificationService.swift */,
				3C44F34E29AA810E00E47CB1 /* Info.plist */,
			);
			path = StellarNotificationServiceExtension;
			sourceTree = "<group>";
		};
		3C4B73CC29DF5FA600462FFB /* Frameworks */ = {
			isa = PBXGroup;
			children = (
				3C36E8722A12BF2B00BB9CDB /* WidgetKit.framework */,
				3C36E8742A12BF2B00BB9CDB /* SwiftUI.framework */,
			);
			name = Frameworks;
			sourceTree = "<group>";
		};
		3C5555D8289059880093122A /* View */ = {
			isa = PBXGroup;
			children = (
				3CFD11692892E1E200F14F65 /* Screens */,
				3C03EAE02937EC540023EC26 /* Lists */,
				3C03EADD2937E97A0023EC26 /* Grids */,
				3CFD11662892E15E00F14F65 /* Detail */,
				3CF7AC8D28C112A9008A7C70 /* Components */,
				3CFD11682892E1C200F14F65 /* Loading */,
				3CFD116A2892EE6700F14F65 /* EmptyView */,
				3CBF0C4028906B3100010691 /* AsyncImageView */,
				3C7F9677293A32D500B949DD /* ViewModifiers */,
				3C6878F3289AA3DA00B99797 /* ImageSaver */,
			);
			path = View;
			sourceTree = "<group>";
		};
		3C57F3352938A219001F74A0 /* Extensions */ = {
			isa = PBXGroup;
			children = (
				3C57F3332938A213001F74A0 /* URLCache.swift */,
				3CF9A87C29D4C8DF009A8DBB /* ScreenBound.swift */,
			);
			path = Extensions;
			sourceTree = "<group>";
		};
		3C6878F3289AA3DA00B99797 /* ImageSaver */ = {
			isa = PBXGroup;
			children = (
				3C6878F1289A5C3300B99797 /* ImageSaver.swift */,
			);
			path = ImageSaver;
			sourceTree = "<group>";
		};
		3C7F9677293A32D500B949DD /* ViewModifiers */ = {
			isa = PBXGroup;
			children = (
				3C266B9E2981C06500A9A888 /* CustomButtonStyle.swift */,
				3CF9A87A29D4C7BD009A8DBB /* PinchZoom.swift */,
			);
			path = ViewModifiers;
			sourceTree = "<group>";
		};
		3CA91F062961B6730030069B /* StellarTests */ = {
			isa = PBXGroup;
			children = (
				3CA91F0E2961B6AB0030069B /* FavoritesViewModelTests.swift */,
			);
			path = StellarTests;
			sourceTree = "<group>";
		};
		3CBF0C4028906B3100010691 /* AsyncImageView */ = {
			isa = PBXGroup;
			children = (
				3C5555CA288F12640093122A /* ArticleImageView.swift */,
				3C46134B292A68320087214C /* BackgroundImageCell.swift */,
				3C41BEA42928D3B5002043D4 /* ArticleImageListCell.swift */,
			);
			path = AsyncImageView;
			sourceTree = "<group>";
		};
		3CBF0C43289134F300010691 /* ViewModel */ = {
			isa = PBXGroup;
			children = (
				3CBF0C41289134EE00010691 /* FavoriteViewModel.swift */,
				3C5555D5289058FF0093122A /* FetchArticlesViewModel.swift */,
				3CC944B428B3A74800447BB6 /* DownloadImageViewModel.swift */,
				3C08D35F2984537E0030D45B /* SearchDateArticleViewModel.swift */,
			);
			path = ViewModel;
			sourceTree = "<group>";
		};
		3CCF165E292A178F0037BB50 /* Buttons */ = {
			isa = PBXGroup;
			children = (
				3CA718CD292964990075E0D5 /* ShowFavSheetButtonCell.swift */,
				3C266B9C2981BEC400A9A888 /* RandomArticleButtonCell.swift */,
				3CA718CF292965530075E0D5 /* AddFavoriteButtonCell.swift */,
				3C7F9680293A390200B949DD /* DownloadImageButton.swift */,
				3C08D3632985C4BA0030D45B /* GenerateRandomArticleButtonCell.swift */,
			);
			path = Buttons;
			sourceTree = "<group>";
		};
		3CDBA102288E759A00AB15C7 = {
			isa = PBXGroup;
			children = (
				3C4B73CC29DF5FA600462FFB /* Frameworks */,
				3CDBA10C288E759A00AB15C7 /* Products */,
				3CDBA10D288E759A00AB15C7 /* Stellar */,
				3C44F34B29AA810E00E47CB1 /* StellarNotificationServiceExtension */,
				3C36E8762A12BF2B00BB9CDB /* StellarWidget */,
				3C20C9EF29C5A5190045523A /* StellarStickers */,
				3CA91F062961B6730030069B /* StellarTests */,
			);
			sourceTree = "<group>";
		};
		3CDBA10C288E759A00AB15C7 /* Products */ = {
			isa = PBXGroup;
			children = (
				3CDBA10B288E759A00AB15C7 /* Stellar.app */,
				3CA91F052961B6730030069B /* StellarTests.xctest */,
				3C44F34A29AA810E00E47CB1 /* StellarNotificationServiceExtension.appex */,
				3C20C9EE29C5A5190045523A /* StellarStickers.appex */,
				3C36E8712A12BF2B00BB9CDB /* StellarWidgetExtension.appex */,
			);
			name = Products;
			sourceTree = "<group>";
		};
		3CDBA10D288E759A00AB15C7 /* Stellar */ = {
			isa = PBXGroup;
			children = (
				3C44F35A29AA82D300E47CB1 /* Stellar.entitlements */,
				3CDBA10E288E759A00AB15C7 /* NasaDayAstronomyApp.swift */,
				3C44F35529AA826000E47CB1 /* NotificationService.swift */,
				3C44F35B29AA82DC00E47CB1 /* Info.plist */,
				3C5555D8289059880093122A /* View */,
				3C36E86C2A12A93300BB9CDB /* Managers */,
				3CBF0C43289134F300010691 /* ViewModel */,
				3C0F8FBC29D716CF001134B5 /* Ressources */,
				3C57F3352938A219001F74A0 /* Extensions */,
				3C5555CC288F21440093122A /* README.md */,
				3CDBA112288E759B00AB15C7 /* Assets.xcassets */,
				3CDBA114288E759B00AB15C7 /* Preview Content */,
			);
			path = Stellar;
			sourceTree = "<group>";
		};
		3CDBA114288E759B00AB15C7 /* Preview Content */ = {
			isa = PBXGroup;
			children = (
				3CDBA115288E759B00AB15C7 /* Preview Assets.xcassets */,
			);
			path = "Preview Content";
			sourceTree = "<group>";
		};
		3CF7AC8D28C112A9008A7C70 /* Components */ = {
			isa = PBXGroup;
			children = (
				3CBB34A328BE35F700AC0EDF /* RowCell.swift */,
				3C7F9684293A3DFF00B949DD /* LoadingArticleImagePlaceholder.swift */,
				3CCF165E292A178F0037BB50 /* Buttons */,
			);
			path = Components;
			sourceTree = "<group>";
		};
		3CFD11662892E15E00F14F65 /* Detail */ = {
			isa = PBXGroup;
			children = (
				3C5555D0289057E80093122A /* ArticleDetailView.swift */,
				3CEC397E29A6A4E7009CEB2A /* HeadbandsDetailButtonsView.swift */,
				3CB0ADCB29B4A74800261ECF /* ArticleDetailBodyView.swift */,
			);
			path = Detail;
			sourceTree = "<group>";
		};
		3CFD11682892E1C200F14F65 /* Loading */ = {
			isa = PBXGroup;
			children = (
				3CBF0C4D2891AA1D00010691 /* LoadingView.swift */,
			);
			path = Loading;
			sourceTree = "<group>";
		};
		3CFD11692892E1E200F14F65 /* Screens */ = {
			isa = PBXGroup;
			children = (
				3C5555D2289058C50093122A /* MainScreen.swift */,
				3CBF0C442891371E00010691 /* FavoritesArticlesView.swift */,
				3CAD9C3D2981BC2A00384F4D /* SearchDateArticleView.swift */,
			);
			path = Screens;
			sourceTree = "<group>";
		};
		3CFD116A2892EE6700F14F65 /* EmptyView */ = {
			isa = PBXGroup;
			children = (
				3CBF0C4628913B5700010691 /* EmptyView.swift */,
			);
			path = EmptyView;
			sourceTree = "<group>";
		};
/* End PBXGroup section */

/* Begin PBXNativeTarget section */
		3C20C9ED29C5A5190045523A /* StellarStickers */ = {
			isa = PBXNativeTarget;
			buildConfigurationList = 3C20C9F629C5A51A0045523A /* Build configuration list for PBXNativeTarget "StellarStickers" */;
			buildPhases = (
				3C20C9EC29C5A5190045523A /* Resources */,
			);
			buildRules = (
			);
			dependencies = (
			);
			name = StellarStickers;
			productName = StellarStickers;
			productReference = 3C20C9EE29C5A5190045523A /* StellarStickers.appex */;
			productType = "com.apple.product-type.app-extension.messages-sticker-pack";
		};
		3C36E8702A12BF2B00BB9CDB /* StellarWidgetExtension */ = {
			isa = PBXNativeTarget;
			buildConfigurationList = 3C36E8832A12BF2C00BB9CDB /* Build configuration list for PBXNativeTarget "StellarWidgetExtension" */;
			buildPhases = (
				3C36E86D2A12BF2B00BB9CDB /* Sources */,
				3C36E86E2A12BF2B00BB9CDB /* Frameworks */,
				3C36E86F2A12BF2B00BB9CDB /* Resources */,
			);
			buildRules = (
			);
			dependencies = (
			);
			name = StellarWidgetExtension;
			packageProductDependencies = (
				3C36E8852A12C09800BB9CDB /* StellarMoonKit */,
			);
			productName = StellarWidgetExtension;
			productReference = 3C36E8712A12BF2B00BB9CDB /* StellarWidgetExtension.appex */;
			productType = "com.apple.product-type.app-extension";
		};
		3C44F34929AA810E00E47CB1 /* StellarNotificationServiceExtension */ = {
			isa = PBXNativeTarget;
			buildConfigurationList = 3C44F35429AA810E00E47CB1 /* Build configuration list for PBXNativeTarget "StellarNotificationServiceExtension" */;
			buildPhases = (
				3C44F34629AA810E00E47CB1 /* Sources */,
				3C44F34729AA810E00E47CB1 /* Frameworks */,
				3C44F34829AA810E00E47CB1 /* Resources */,
			);
			buildRules = (
			);
			dependencies = (
			);
			name = StellarNotificationServiceExtension;
			productName = StellarNotificationServiceExtension;
			productReference = 3C44F34A29AA810E00E47CB1 /* StellarNotificationServiceExtension.appex */;
			productType = "com.apple.product-type.app-extension";
		};
		3CA91F042961B6730030069B /* StellarTests */ = {
			isa = PBXNativeTarget;
			buildConfigurationList = 3CA91F0B2961B6730030069B /* Build configuration list for PBXNativeTarget "StellarTests" */;
			buildPhases = (
				3CA91F012961B6730030069B /* Sources */,
				3CA91F022961B6730030069B /* Frameworks */,
				3CA91F032961B6730030069B /* Resources */,
			);
			buildRules = (
			);
			dependencies = (
				3CA91F0A2961B6730030069B /* PBXTargetDependency */,
			);
			name = StellarTests;
			productName = StellarTests;
			productReference = 3CA91F052961B6730030069B /* StellarTests.xctest */;
			productType = "com.apple.product-type.bundle.unit-test";
		};
		3CDBA10A288E759A00AB15C7 /* Stellar */ = {
			isa = PBXNativeTarget;
			buildConfigurationList = 3CDBA12F288E759B00AB15C7 /* Build configuration list for PBXNativeTarget "Stellar" */;
			buildPhases = (
				3CDBA107288E759A00AB15C7 /* Sources */,
				3CDBA108288E759A00AB15C7 /* Frameworks */,
				3CDBA109288E759A00AB15C7 /* Resources */,
				3CBB34D228BE491800AC0EDF /* Embed Foundation Extensions */,
			);
			buildRules = (
			);
			dependencies = (
				3C44F35029AA810E00E47CB1 /* PBXTargetDependency */,
				3C20C9F429C5A51A0045523A /* PBXTargetDependency */,
				3C36E87F2A12BF2C00BB9CDB /* PBXTargetDependency */,
			);
			name = Stellar;
			packageProductDependencies = (
				3C57F3312938A1DB001F74A0 /* CachedAsyncImage */,
				3C44F35829AA82AF00E47CB1 /* OneSignal */,
				3C4B73CD29DF5FA600462FFB /* StellarMoonKit */,
				3CB7A12029F5AF3F00F074F1 /* StellarMoonKit */,
			);
			productName = NasaDayAstronomy;
			productReference = 3CDBA10B288E759A00AB15C7 /* Stellar.app */;
			productType = "com.apple.product-type.application";
		};
/* End PBXNativeTarget section */

/* Begin PBXProject section */
		3CDBA103288E759A00AB15C7 /* Project object */ = {
			isa = PBXProject;
			attributes = {
				BuildIndependentTargetsInParallel = 1;
				LastSwiftUpdateCheck = 1430;
				LastUpgradeCheck = 1410;
				TargetAttributes = {
					3C20C9ED29C5A5190045523A = {
						CreatedOnToolsVersion = 14.2;
					};
					3C36E8702A12BF2B00BB9CDB = {
						CreatedOnToolsVersion = 14.3;
					};
					3C44F34929AA810E00E47CB1 = {
						CreatedOnToolsVersion = 14.2;
					};
					3CA91F042961B6730030069B = {
						CreatedOnToolsVersion = 14.1;
						LastSwiftMigration = 1410;
						TestTargetID = 3CDBA10A288E759A00AB15C7;
					};
					3CDBA10A288E759A00AB15C7 = {
						CreatedOnToolsVersion = 14.0;
					};
				};
			};
			buildConfigurationList = 3CDBA106288E759A00AB15C7 /* Build configuration list for PBXProject "Stellar" */;
			compatibilityVersion = "Xcode 13.0";
			developmentRegion = en;
			hasScannedForEncodings = 0;
			knownRegions = (
				en,
				fr,
				Base,
			);
			mainGroup = 3CDBA102288E759A00AB15C7;
			packageReferences = (
				3C57F3302938A1DB001F74A0 /* XCRemoteSwiftPackageReference "swiftui-cached-async-image" */,
				3C44F35729AA82AF00E47CB1 /* XCRemoteSwiftPackageReference "OneSignal-XCFramework" */,
				3CB7A11F29F5AF3F00F074F1 /* XCRemoteSwiftPackageReference "StellarMoonKit" */,
			);
			productRefGroup = 3CDBA10C288E759A00AB15C7 /* Products */;
			projectDirPath = "";
			projectRoot = "";
			targets = (
				3CDBA10A288E759A00AB15C7 /* Stellar */,
				3CA91F042961B6730030069B /* StellarTests */,
				3C44F34929AA810E00E47CB1 /* StellarNotificationServiceExtension */,
				3C20C9ED29C5A5190045523A /* StellarStickers */,
				3C36E8702A12BF2B00BB9CDB /* StellarWidgetExtension */,
			);
		};
/* End PBXProject section */

/* Begin PBXResourcesBuildPhase section */
		3C20C9EC29C5A5190045523A /* Resources */ = {
			isa = PBXResourcesBuildPhase;
			buildActionMask = 2147483647;
			files = (
				3C20C9F129C5A51A0045523A /* Stickers.xcassets in Resources */,
			);
			runOnlyForDeploymentPostprocessing = 0;
		};
		3C36E86F2A12BF2B00BB9CDB /* Resources */ = {
			isa = PBXResourcesBuildPhase;
			buildActionMask = 2147483647;
			files = (
				3C36E87C2A12BF2C00BB9CDB /* Assets.xcassets in Resources */,
			);
			runOnlyForDeploymentPostprocessing = 0;
		};
		3C44F34829AA810E00E47CB1 /* Resources */ = {
			isa = PBXResourcesBuildPhase;
			buildActionMask = 2147483647;
			files = (
			);
			runOnlyForDeploymentPostprocessing = 0;
		};
		3CA91F032961B6730030069B /* Resources */ = {
			isa = PBXResourcesBuildPhase;
			buildActionMask = 2147483647;
			files = (
			);
			runOnlyForDeploymentPostprocessing = 0;
		};
		3CDBA109288E759A00AB15C7 /* Resources */ = {
			isa = PBXResourcesBuildPhase;
			buildActionMask = 2147483647;
			files = (
				3C5555CD288F21440093122A /* README.md in Resources */,
				3C0F8FBE29D716FF001134B5 /* Localizable.strings in Resources */,
				3CDBA116288E759B00AB15C7 /* Preview Assets.xcassets in Resources */,
				3CDBA113288E759B00AB15C7 /* Assets.xcassets in Resources */,
			);
			runOnlyForDeploymentPostprocessing = 0;
		};
/* End PBXResourcesBuildPhase section */

/* Begin PBXSourcesBuildPhase section */
		3C36E86D2A12BF2B00BB9CDB /* Sources */ = {
			isa = PBXSourcesBuildPhase;
			buildActionMask = 2147483647;
			files = (
				3C36E8782A12BF2B00BB9CDB /* StellarWidgetBundle.swift in Sources */,
				3C36E8842A12BFA600BB9CDB /* FetchArticlesViewModel.swift in Sources */,
				3C36E8892A12C37700BB9CDB /* NetworkImage.swift in Sources */,
				3C36E87A2A12BF2B00BB9CDB /* StellarWidget.swift in Sources */,
			);
			runOnlyForDeploymentPostprocessing = 0;
		};
		3C44F34629AA810E00E47CB1 /* Sources */ = {
			isa = PBXSourcesBuildPhase;
			buildActionMask = 2147483647;
			files = (
				3C44F34D29AA810E00E47CB1 /* NotificationService.swift in Sources */,
			);
			runOnlyForDeploymentPostprocessing = 0;
		};
		3CA91F012961B6730030069B /* Sources */ = {
			isa = PBXSourcesBuildPhase;
			buildActionMask = 2147483647;
			files = (
				3CA91F0F2961B6AB0030069B /* FavoritesViewModelTests.swift in Sources */,
			);
			runOnlyForDeploymentPostprocessing = 0;
		};
		3CDBA107288E759A00AB15C7 /* Sources */ = {
			isa = PBXSourcesBuildPhase;
			buildActionMask = 2147483647;
			files = (
				3C08D3642985C4BA0030D45B /* GenerateRandomArticleButtonCell.swift in Sources */,
				3C5555CB288F12640093122A /* ArticleImageView.swift in Sources */,
				3C08D3602984537E0030D45B /* SearchDateArticleViewModel.swift in Sources */,
				3CF9A87D29D4C8DF009A8DBB /* ScreenBound.swift in Sources */,
				3C5555D6289058FF0093122A /* FetchArticlesViewModel.swift in Sources */,
				3C57F3342938A213001F74A0 /* URLCache.swift in Sources */,
				3C5555D1289057E80093122A /* ArticleDetailView.swift in Sources */,
				3C266B9D2981BEC400A9A888 /* RandomArticleButtonCell.swift in Sources */,
				3CAD9C3E2981BC2A00384F4D /* SearchDateArticleView.swift in Sources */,
				3CBF0C4728913B5700010691 /* EmptyView.swift in Sources */,
				3C03EADF2937EC190023EC26 /* FavoritesListView.swift in Sources */,
				3CF9A87B29D4C7BD009A8DBB /* PinchZoom.swift in Sources */,
				3C6878F2289A5C3300B99797 /* ImageSaver.swift in Sources */,
				3C44F35629AA826000E47CB1 /* NotificationService.swift in Sources */,
				3C7F9681293A390200B949DD /* DownloadImageButton.swift in Sources */,
				3C7F9685293A3DFF00B949DD /* LoadingArticleImagePlaceholder.swift in Sources */,
				3C0C46552937EE18004DABB7 /* ArticlesGridView.swift in Sources */,
				3CDBA10F288E759A00AB15C7 /* NasaDayAstronomyApp.swift in Sources */,
				3C5555D3289058C50093122A /* MainScreen.swift in Sources */,
				3CEC397F29A6A4E7009CEB2A /* HeadbandsDetailButtonsView.swift in Sources */,
				3C266B9F2981C06500A9A888 /* CustomButtonStyle.swift in Sources */,
				3CB0ADCC29B4A74800261ECF /* ArticleDetailBodyView.swift in Sources */,
				3CBB34A428BE35F700AC0EDF /* RowCell.swift in Sources */,
				3C36E86B2A12A92F00BB9CDB /* DeeplinkManager.swift in Sources */,
				3CBF0C42289134EE00010691 /* FavoriteViewModel.swift in Sources */,
				3C41BEA52928D3B5002043D4 /* ArticleImageListCell.swift in Sources */,
				3CA718D0292965530075E0D5 /* AddFavoriteButtonCell.swift in Sources */,
				3CBF0C4E2891AA1D00010691 /* LoadingView.swift in Sources */,
				3CA718CE292964990075E0D5 /* ShowFavSheetButtonCell.swift in Sources */,
				3CBF0C452891371E00010691 /* FavoritesArticlesView.swift in Sources */,
				3CC944B528B3A74800447BB6 /* DownloadImageViewModel.swift in Sources */,
				3C46134C292A68320087214C /* BackgroundImageCell.swift in Sources */,
			);
			runOnlyForDeploymentPostprocessing = 0;
		};
/* End PBXSourcesBuildPhase section */

/* Begin PBXTargetDependency section */
		3C20C9F429C5A51A0045523A /* PBXTargetDependency */ = {
			isa = PBXTargetDependency;
			target = 3C20C9ED29C5A5190045523A /* StellarStickers */;
			targetProxy = 3C20C9F329C5A51A0045523A /* PBXContainerItemProxy */;
		};
		3C36E87F2A12BF2C00BB9CDB /* PBXTargetDependency */ = {
			isa = PBXTargetDependency;
			target = 3C36E8702A12BF2B00BB9CDB /* StellarWidgetExtension */;
			targetProxy = 3C36E87E2A12BF2C00BB9CDB /* PBXContainerItemProxy */;
		};
		3C44F35029AA810E00E47CB1 /* PBXTargetDependency */ = {
			isa = PBXTargetDependency;
			target = 3C44F34929AA810E00E47CB1 /* StellarNotificationServiceExtension */;
			targetProxy = 3C44F34F29AA810E00E47CB1 /* PBXContainerItemProxy */;
		};
		3CA91F0A2961B6730030069B /* PBXTargetDependency */ = {
			isa = PBXTargetDependency;
			target = 3CDBA10A288E759A00AB15C7 /* Stellar */;
			targetProxy = 3CA91F092961B6730030069B /* PBXContainerItemProxy */;
		};
/* End PBXTargetDependency section */

/* Begin XCBuildConfiguration section */
		3C20C9F729C5A51A0045523A /* Debug */ = {
			isa = XCBuildConfiguration;
			buildSettings = {
				ASSETCATALOG_COMPILER_APPICON_NAME = "iMessage App Icon";
				CODE_SIGN_STYLE = Automatic;
				CURRENT_PROJECT_VERSION = 63;
				DEVELOPMENT_TEAM = 99M75C322U;
				GENERATE_INFOPLIST_FILE = YES;
				INFOPLIST_FILE = StellarStickers/Info.plist;
				INFOPLIST_KEY_CFBundleDisplayName = Stellar;
				IPHONEOS_DEPLOYMENT_TARGET = 16.0;
				PRODUCT_BUNDLE_IDENTIFIER = com.elliot.knight.NasaAstronomy.StellarStickers;
				PRODUCT_NAME = "$(TARGET_NAME)";
				SKIP_INSTALL = YES;
				SWIFT_EMIT_LOC_STRINGS = YES;
				TARGETED_DEVICE_FAMILY = "1,2";
			};
			name = Debug;
		};
		3C20C9F829C5A51A0045523A /* Release */ = {
			isa = XCBuildConfiguration;
			buildSettings = {
				ASSETCATALOG_COMPILER_APPICON_NAME = "iMessage App Icon";
				CODE_SIGN_STYLE = Automatic;
				CURRENT_PROJECT_VERSION = 63;
				DEVELOPMENT_TEAM = 99M75C322U;
				GENERATE_INFOPLIST_FILE = YES;
				INFOPLIST_FILE = StellarStickers/Info.plist;
				INFOPLIST_KEY_CFBundleDisplayName = Stellar;
				IPHONEOS_DEPLOYMENT_TARGET = 16.0;
				PRODUCT_BUNDLE_IDENTIFIER = com.elliot.knight.NasaAstronomy.StellarStickers;
				PRODUCT_NAME = "$(TARGET_NAME)";
				SKIP_INSTALL = YES;
				SWIFT_EMIT_LOC_STRINGS = YES;
				TARGETED_DEVICE_FAMILY = "1,2";
			};
			name = Release;
		};
		3C36E8812A12BF2C00BB9CDB /* Debug */ = {
			isa = XCBuildConfiguration;
			buildSettings = {
				ASSETCATALOG_COMPILER_GLOBAL_ACCENT_COLOR_NAME = AccentColor;
				ASSETCATALOG_COMPILER_WIDGET_BACKGROUND_COLOR_NAME = WidgetBackground;
				CODE_SIGN_STYLE = Automatic;
				CURRENT_PROJECT_VERSION = 63;
				DEVELOPMENT_TEAM = 99M75C322U;
				GENERATE_INFOPLIST_FILE = YES;
				INFOPLIST_FILE = StellarWidget/Info.plist;
				INFOPLIST_KEY_CFBundleDisplayName = StellarWidget;
				INFOPLIST_KEY_NSHumanReadableCopyright = "";
				IPHONEOS_DEPLOYMENT_TARGET = 16.4;
				LD_RUNPATH_SEARCH_PATHS = (
					"$(inherited)",
					"@executable_path/Frameworks",
					"@executable_path/../../Frameworks",
				);
				MARKETING_VERSION = 3.5.13;
				PRODUCT_BUNDLE_IDENTIFIER = com.elliot.knight.NasaAstronomy.StellarWidget;
				PRODUCT_NAME = "$(TARGET_NAME)";
				SKIP_INSTALL = YES;
				SWIFT_EMIT_LOC_STRINGS = YES;
				SWIFT_VERSION = 5.0;
				TARGETED_DEVICE_FAMILY = "1,2";
			};
			name = Debug;
		};
		3C36E8822A12BF2C00BB9CDB /* Release */ = {
			isa = XCBuildConfiguration;
			buildSettings = {
				ASSETCATALOG_COMPILER_GLOBAL_ACCENT_COLOR_NAME = AccentColor;
				ASSETCATALOG_COMPILER_WIDGET_BACKGROUND_COLOR_NAME = WidgetBackground;
				CODE_SIGN_STYLE = Automatic;
				CURRENT_PROJECT_VERSION = 63;
				DEVELOPMENT_TEAM = 99M75C322U;
				GENERATE_INFOPLIST_FILE = YES;
				INFOPLIST_FILE = StellarWidget/Info.plist;
				INFOPLIST_KEY_CFBundleDisplayName = StellarWidget;
				INFOPLIST_KEY_NSHumanReadableCopyright = "";
				IPHONEOS_DEPLOYMENT_TARGET = 16.4;
				LD_RUNPATH_SEARCH_PATHS = (
					"$(inherited)",
					"@executable_path/Frameworks",
					"@executable_path/../../Frameworks",
				);
				MARKETING_VERSION = 3.5.13;
				PRODUCT_BUNDLE_IDENTIFIER = com.elliot.knight.NasaAstronomy.StellarWidget;
				PRODUCT_NAME = "$(TARGET_NAME)";
				SKIP_INSTALL = YES;
				SWIFT_EMIT_LOC_STRINGS = YES;
				SWIFT_VERSION = 5.0;
				TARGETED_DEVICE_FAMILY = "1,2";
			};
			name = Release;
		};
		3C44F35229AA810E00E47CB1 /* Debug */ = {
			isa = XCBuildConfiguration;
			buildSettings = {
				CODE_SIGN_ENTITLEMENTS = StellarNotificationServiceExtension/StellarNotificationServiceExtension.entitlements;
				CODE_SIGN_STYLE = Automatic;
				CURRENT_PROJECT_VERSION = 63;
				DEVELOPMENT_TEAM = 99M75C322U;
				GENERATE_INFOPLIST_FILE = YES;
				INFOPLIST_FILE = StellarNotificationServiceExtension/Info.plist;
				INFOPLIST_KEY_CFBundleDisplayName = StellarNotificationServiceExtension;
				INFOPLIST_KEY_NSHumanReadableCopyright = "";
				IPHONEOS_DEPLOYMENT_TARGET = 16.2;
				LD_RUNPATH_SEARCH_PATHS = (
					"$(inherited)",
					"@executable_path/Frameworks",
					"@executable_path/../../Frameworks",
				);
				PRODUCT_BUNDLE_IDENTIFIER = com.elliot.knight.NasaAstronomy.StellarNotificationServiceExtension;
				PRODUCT_NAME = "$(TARGET_NAME)";
				SKIP_INSTALL = YES;
				SWIFT_EMIT_LOC_STRINGS = YES;
				SWIFT_VERSION = 5.0;
				TARGETED_DEVICE_FAMILY = "1,2";
			};
			name = Debug;
		};
		3C44F35329AA810E00E47CB1 /* Release */ = {
			isa = XCBuildConfiguration;
			buildSettings = {
				CODE_SIGN_ENTITLEMENTS = StellarNotificationServiceExtension/StellarNotificationServiceExtension.entitlements;
				CODE_SIGN_STYLE = Automatic;
				CURRENT_PROJECT_VERSION = 63;
				DEVELOPMENT_TEAM = 99M75C322U;
				GENERATE_INFOPLIST_FILE = YES;
				INFOPLIST_FILE = StellarNotificationServiceExtension/Info.plist;
				INFOPLIST_KEY_CFBundleDisplayName = StellarNotificationServiceExtension;
				INFOPLIST_KEY_NSHumanReadableCopyright = "";
				IPHONEOS_DEPLOYMENT_TARGET = 16.2;
				LD_RUNPATH_SEARCH_PATHS = (
					"$(inherited)",
					"@executable_path/Frameworks",
					"@executable_path/../../Frameworks",
				);
				PRODUCT_BUNDLE_IDENTIFIER = com.elliot.knight.NasaAstronomy.StellarNotificationServiceExtension;
				PRODUCT_NAME = "$(TARGET_NAME)";
				SKIP_INSTALL = YES;
				SWIFT_EMIT_LOC_STRINGS = YES;
				SWIFT_VERSION = 5.0;
				TARGETED_DEVICE_FAMILY = "1,2";
			};
			name = Release;
		};
		3CA91F0C2961B6730030069B /* Debug */ = {
			isa = XCBuildConfiguration;
			buildSettings = {
				BUNDLE_LOADER = "$(TEST_HOST)";
				CLANG_ENABLE_MODULES = YES;
				CODE_SIGN_STYLE = Automatic;
				CURRENT_PROJECT_VERSION = 1;
				DEVELOPMENT_TEAM = 99M75C322U;
				GENERATE_INFOPLIST_FILE = YES;
				IPHONEOS_DEPLOYMENT_TARGET = 16.1;
				LD_RUNPATH_SEARCH_PATHS = (
					"$(inherited)",
					"@executable_path/Frameworks",
					"@loader_path/Frameworks",
				);
				PRODUCT_BUNDLE_IDENTIFIER = com.elliot.knight.StellarTests;
				PRODUCT_NAME = "$(TARGET_NAME)";
				SWIFT_EMIT_LOC_STRINGS = NO;
				SWIFT_OPTIMIZATION_LEVEL = "-Onone";
				SWIFT_VERSION = 5.0;
				TARGETED_DEVICE_FAMILY = "1,2";
				TEST_HOST = "$(BUILT_PRODUCTS_DIR)/Stellar.app/$(BUNDLE_EXECUTABLE_FOLDER_PATH)/Stellar";
			};
			name = Debug;
		};
		3CA91F0D2961B6730030069B /* Release */ = {
			isa = XCBuildConfiguration;
			buildSettings = {
				BUNDLE_LOADER = "$(TEST_HOST)";
				CLANG_ENABLE_MODULES = YES;
				CODE_SIGN_STYLE = Automatic;
				CURRENT_PROJECT_VERSION = 1;
				DEVELOPMENT_TEAM = 99M75C322U;
				GENERATE_INFOPLIST_FILE = YES;
				IPHONEOS_DEPLOYMENT_TARGET = 16.1;
				LD_RUNPATH_SEARCH_PATHS = (
					"$(inherited)",
					"@executable_path/Frameworks",
					"@loader_path/Frameworks",
				);
				PRODUCT_BUNDLE_IDENTIFIER = com.elliot.knight.StellarTests;
				PRODUCT_NAME = "$(TARGET_NAME)";
				SWIFT_EMIT_LOC_STRINGS = NO;
				SWIFT_VERSION = 5.0;
				TARGETED_DEVICE_FAMILY = "1,2";
				TEST_HOST = "$(BUILT_PRODUCTS_DIR)/Stellar.app/$(BUNDLE_EXECUTABLE_FOLDER_PATH)/Stellar";
			};
			name = Release;
		};
		3CDBA12D288E759B00AB15C7 /* Debug */ = {
			isa = XCBuildConfiguration;
			buildSettings = {
				ALWAYS_SEARCH_USER_PATHS = NO;
				CLANG_ANALYZER_LOCALIZABILITY_NONLOCALIZED = YES;
				CLANG_ANALYZER_NONNULL = YES;
				CLANG_ANALYZER_NUMBER_OBJECT_CONVERSION = YES_AGGRESSIVE;
				CLANG_CXX_LANGUAGE_STANDARD = "gnu++20";
				CLANG_ENABLE_MODULES = YES;
				CLANG_ENABLE_OBJC_ARC = YES;
				CLANG_ENABLE_OBJC_WEAK = YES;
				CLANG_WARN_BLOCK_CAPTURE_AUTORELEASING = YES;
				CLANG_WARN_BOOL_CONVERSION = YES;
				CLANG_WARN_COMMA = YES;
				CLANG_WARN_CONSTANT_CONVERSION = YES;
				CLANG_WARN_DEPRECATED_OBJC_IMPLEMENTATIONS = YES;
				CLANG_WARN_DIRECT_OBJC_ISA_USAGE = YES_ERROR;
				CLANG_WARN_DOCUMENTATION_COMMENTS = YES;
				CLANG_WARN_EMPTY_BODY = YES;
				CLANG_WARN_ENUM_CONVERSION = YES;
				CLANG_WARN_INFINITE_RECURSION = YES;
				CLANG_WARN_INT_CONVERSION = YES;
				CLANG_WARN_NON_LITERAL_NULL_CONVERSION = YES;
				CLANG_WARN_OBJC_IMPLICIT_RETAIN_SELF = YES;
				CLANG_WARN_OBJC_LITERAL_CONVERSION = YES;
				CLANG_WARN_OBJC_ROOT_CLASS = YES_ERROR;
				CLANG_WARN_QUOTED_INCLUDE_IN_FRAMEWORK_HEADER = YES;
				CLANG_WARN_RANGE_LOOP_ANALYSIS = YES;
				CLANG_WARN_STRICT_PROTOTYPES = YES;
				CLANG_WARN_SUSPICIOUS_MOVE = YES;
				CLANG_WARN_UNGUARDED_AVAILABILITY = YES_AGGRESSIVE;
				CLANG_WARN_UNREACHABLE_CODE = YES;
				CLANG_WARN__DUPLICATE_METHOD_MATCH = YES;
				COPY_PHASE_STRIP = NO;
				DEBUG_INFORMATION_FORMAT = dwarf;
				ENABLE_STRICT_OBJC_MSGSEND = YES;
				ENABLE_TESTABILITY = YES;
				GCC_C_LANGUAGE_STANDARD = gnu11;
				GCC_DYNAMIC_NO_PIC = NO;
				GCC_NO_COMMON_BLOCKS = YES;
				GCC_OPTIMIZATION_LEVEL = 0;
				GCC_PREPROCESSOR_DEFINITIONS = (
					"DEBUG=1",
					"$(inherited)",
				);
				GCC_WARN_64_TO_32_BIT_CONVERSION = YES;
				GCC_WARN_ABOUT_RETURN_TYPE = YES_ERROR;
				GCC_WARN_UNDECLARED_SELECTOR = YES;
				GCC_WARN_UNINITIALIZED_AUTOS = YES_AGGRESSIVE;
				GCC_WARN_UNUSED_FUNCTION = YES;
				GCC_WARN_UNUSED_VARIABLE = YES;
				IPHONEOS_DEPLOYMENT_TARGET = 15.0;
				MARKETING_VERSION = 3.5.13;
				MTL_ENABLE_DEBUG_INFO = INCLUDE_SOURCE;
				MTL_FAST_MATH = YES;
				ONLY_ACTIVE_ARCH = YES;
				SDKROOT = iphoneos;
				SWIFT_ACTIVE_COMPILATION_CONDITIONS = DEBUG;
				SWIFT_OPTIMIZATION_LEVEL = "-Onone";
			};
			name = Debug;
		};
		3CDBA12E288E759B00AB15C7 /* Release */ = {
			isa = XCBuildConfiguration;
			buildSettings = {
				ALWAYS_SEARCH_USER_PATHS = NO;
				CLANG_ANALYZER_LOCALIZABILITY_NONLOCALIZED = YES;
				CLANG_ANALYZER_NONNULL = YES;
				CLANG_ANALYZER_NUMBER_OBJECT_CONVERSION = YES_AGGRESSIVE;
				CLANG_CXX_LANGUAGE_STANDARD = "gnu++20";
				CLANG_ENABLE_MODULES = YES;
				CLANG_ENABLE_OBJC_ARC = YES;
				CLANG_ENABLE_OBJC_WEAK = YES;
				CLANG_WARN_BLOCK_CAPTURE_AUTORELEASING = YES;
				CLANG_WARN_BOOL_CONVERSION = YES;
				CLANG_WARN_COMMA = YES;
				CLANG_WARN_CONSTANT_CONVERSION = YES;
				CLANG_WARN_DEPRECATED_OBJC_IMPLEMENTATIONS = YES;
				CLANG_WARN_DIRECT_OBJC_ISA_USAGE = YES_ERROR;
				CLANG_WARN_DOCUMENTATION_COMMENTS = YES;
				CLANG_WARN_EMPTY_BODY = YES;
				CLANG_WARN_ENUM_CONVERSION = YES;
				CLANG_WARN_INFINITE_RECURSION = YES;
				CLANG_WARN_INT_CONVERSION = YES;
				CLANG_WARN_NON_LITERAL_NULL_CONVERSION = YES;
				CLANG_WARN_OBJC_IMPLICIT_RETAIN_SELF = YES;
				CLANG_WARN_OBJC_LITERAL_CONVERSION = YES;
				CLANG_WARN_OBJC_ROOT_CLASS = YES_ERROR;
				CLANG_WARN_QUOTED_INCLUDE_IN_FRAMEWORK_HEADER = YES;
				CLANG_WARN_RANGE_LOOP_ANALYSIS = YES;
				CLANG_WARN_STRICT_PROTOTYPES = YES;
				CLANG_WARN_SUSPICIOUS_MOVE = YES;
				CLANG_WARN_UNGUARDED_AVAILABILITY = YES_AGGRESSIVE;
				CLANG_WARN_UNREACHABLE_CODE = YES;
				CLANG_WARN__DUPLICATE_METHOD_MATCH = YES;
				COPY_PHASE_STRIP = NO;
				DEBUG_INFORMATION_FORMAT = "dwarf-with-dsym";
				ENABLE_NS_ASSERTIONS = NO;
				ENABLE_STRICT_OBJC_MSGSEND = YES;
				GCC_C_LANGUAGE_STANDARD = gnu11;
				GCC_NO_COMMON_BLOCKS = YES;
				GCC_WARN_64_TO_32_BIT_CONVERSION = YES;
				GCC_WARN_ABOUT_RETURN_TYPE = YES_ERROR;
				GCC_WARN_UNDECLARED_SELECTOR = YES;
				GCC_WARN_UNINITIALIZED_AUTOS = YES_AGGRESSIVE;
				GCC_WARN_UNUSED_FUNCTION = YES;
				GCC_WARN_UNUSED_VARIABLE = YES;
				IPHONEOS_DEPLOYMENT_TARGET = 15.0;
				MARKETING_VERSION = 3.5.13;
				MTL_ENABLE_DEBUG_INFO = NO;
				MTL_FAST_MATH = YES;
				SDKROOT = iphoneos;
				SWIFT_COMPILATION_MODE = wholemodule;
				SWIFT_OPTIMIZATION_LEVEL = "-O";
				VALIDATE_PRODUCT = YES;
			};
			name = Release;
		};
		3CDBA130288E759B00AB15C7 /* Debug */ = {
			isa = XCBuildConfiguration;
			buildSettings = {
				ALWAYS_EMBED_SWIFT_STANDARD_LIBRARIES = YES;
				ASSETCATALOG_COMPILER_APPICON_NAME = AppIcon;
				ASSETCATALOG_COMPILER_GLOBAL_ACCENT_COLOR_NAME = AccentColor;
				CODE_SIGN_ENTITLEMENTS = Stellar/Stellar.entitlements;
				CODE_SIGN_STYLE = Automatic;
				CURRENT_PROJECT_VERSION = 63;
				DEVELOPMENT_ASSET_PATHS = "\"Stellar/Preview Content\"";
				DEVELOPMENT_TEAM = 99M75C322U;
				ENABLE_PREVIEWS = YES;
				GENERATE_INFOPLIST_FILE = YES;
				INFOPLIST_FILE = Stellar/Info.plist;
				INFOPLIST_KEY_LSApplicationCategoryType = "public.app-category.photography";
				INFOPLIST_KEY_NSPhotoLibraryAddUsageDescription = "If you autorise Stellar To The Moon to access to your library, you'll be able to download images, use it as wallpaper, share it and so on.";
				INFOPLIST_KEY_UIApplicationSceneManifest_Generation = YES;
				INFOPLIST_KEY_UIApplicationSupportsIndirectInputEvents = YES;
				INFOPLIST_KEY_UILaunchScreen_Generation = YES;
				INFOPLIST_KEY_UISupportedInterfaceOrientations = UIInterfaceOrientationPortrait;
				INFOPLIST_KEY_UISupportedInterfaceOrientations_iPad = "UIInterfaceOrientationLandscapeLeft UIInterfaceOrientationLandscapeRight UIInterfaceOrientationPortrait UIInterfaceOrientationPortraitUpsideDown";
				IPHONEOS_DEPLOYMENT_TARGET = 15.0;
				LD_RUNPATH_SEARCH_PATHS = (
					"$(inherited)",
					"@executable_path/Frameworks",
				);
				PRODUCT_BUNDLE_IDENTIFIER = com.elliot.knight.NasaAstronomy;
				PRODUCT_NAME = "$(TARGET_NAME)";
				SWIFT_EMIT_LOC_STRINGS = YES;
				SWIFT_VERSION = 5.0;
				TARGETED_DEVICE_FAMILY = "1,2";
			};
			name = Debug;
		};
		3CDBA131288E759B00AB15C7 /* Release */ = {
			isa = XCBuildConfiguration;
			buildSettings = {
				ALWAYS_EMBED_SWIFT_STANDARD_LIBRARIES = YES;
				ASSETCATALOG_COMPILER_APPICON_NAME = AppIcon;
				ASSETCATALOG_COMPILER_GLOBAL_ACCENT_COLOR_NAME = AccentColor;
				CODE_SIGN_ENTITLEMENTS = Stellar/Stellar.entitlements;
				CODE_SIGN_STYLE = Automatic;
				CURRENT_PROJECT_VERSION = 63;
				DEVELOPMENT_ASSET_PATHS = "\"Stellar/Preview Content\"";
				DEVELOPMENT_TEAM = 99M75C322U;
				ENABLE_PREVIEWS = YES;
				GENERATE_INFOPLIST_FILE = YES;
				INFOPLIST_FILE = Stellar/Info.plist;
				INFOPLIST_KEY_LSApplicationCategoryType = "public.app-category.photography";
				INFOPLIST_KEY_NSPhotoLibraryAddUsageDescription = "If you autorise Stellar To The Moon to access to your library, you'll be able to download images, use it as wallpaper, share it and so on.";
				INFOPLIST_KEY_UIApplicationSceneManifest_Generation = YES;
				INFOPLIST_KEY_UIApplicationSupportsIndirectInputEvents = YES;
				INFOPLIST_KEY_UILaunchScreen_Generation = YES;
				INFOPLIST_KEY_UISupportedInterfaceOrientations = UIInterfaceOrientationPortrait;
				INFOPLIST_KEY_UISupportedInterfaceOrientations_iPad = "UIInterfaceOrientationLandscapeLeft UIInterfaceOrientationLandscapeRight UIInterfaceOrientationPortrait UIInterfaceOrientationPortraitUpsideDown";
				IPHONEOS_DEPLOYMENT_TARGET = 15.0;
				LD_RUNPATH_SEARCH_PATHS = (
					"$(inherited)",
					"@executable_path/Frameworks",
				);
				PRODUCT_BUNDLE_IDENTIFIER = com.elliot.knight.NasaAstronomy;
				PRODUCT_NAME = "$(TARGET_NAME)";
				SWIFT_EMIT_LOC_STRINGS = YES;
				SWIFT_VERSION = 5.0;
				TARGETED_DEVICE_FAMILY = "1,2";
			};
			name = Release;
		};
/* End XCBuildConfiguration section */

/* Begin XCConfigurationList section */
		3C20C9F629C5A51A0045523A /* Build configuration list for PBXNativeTarget "StellarStickers" */ = {
			isa = XCConfigurationList;
			buildConfigurations = (
				3C20C9F729C5A51A0045523A /* Debug */,
				3C20C9F829C5A51A0045523A /* Release */,
			);
			defaultConfigurationIsVisible = 0;
			defaultConfigurationName = Release;
		};
		3C36E8832A12BF2C00BB9CDB /* Build configuration list for PBXNativeTarget "StellarWidgetExtension" */ = {
			isa = XCConfigurationList;
			buildConfigurations = (
				3C36E8812A12BF2C00BB9CDB /* Debug */,
				3C36E8822A12BF2C00BB9CDB /* Release */,
			);
			defaultConfigurationIsVisible = 0;
			defaultConfigurationName = Release;
		};
		3C44F35429AA810E00E47CB1 /* Build configuration list for PBXNativeTarget "StellarNotificationServiceExtension" */ = {
			isa = XCConfigurationList;
			buildConfigurations = (
				3C44F35229AA810E00E47CB1 /* Debug */,
				3C44F35329AA810E00E47CB1 /* Release */,
			);
			defaultConfigurationIsVisible = 0;
			defaultConfigurationName = Release;
		};
		3CA91F0B2961B6730030069B /* Build configuration list for PBXNativeTarget "StellarTests" */ = {
			isa = XCConfigurationList;
			buildConfigurations = (
				3CA91F0C2961B6730030069B /* Debug */,
				3CA91F0D2961B6730030069B /* Release */,
			);
			defaultConfigurationIsVisible = 0;
			defaultConfigurationName = Release;
		};
		3CDBA106288E759A00AB15C7 /* Build configuration list for PBXProject "Stellar" */ = {
			isa = XCConfigurationList;
			buildConfigurations = (
				3CDBA12D288E759B00AB15C7 /* Debug */,
				3CDBA12E288E759B00AB15C7 /* Release */,
			);
			defaultConfigurationIsVisible = 0;
			defaultConfigurationName = Release;
		};
		3CDBA12F288E759B00AB15C7 /* Build configuration list for PBXNativeTarget "Stellar" */ = {
			isa = XCConfigurationList;
			buildConfigurations = (
				3CDBA130288E759B00AB15C7 /* Debug */,
				3CDBA131288E759B00AB15C7 /* Release */,
			);
			defaultConfigurationIsVisible = 0;
			defaultConfigurationName = Release;
		};
/* End XCConfigurationList section */

/* Begin XCRemoteSwiftPackageReference section */
		3C44F35729AA82AF00E47CB1 /* XCRemoteSwiftPackageReference "OneSignal-XCFramework" */ = {
			isa = XCRemoteSwiftPackageReference;
			repositoryURL = "https://github.com/OneSignal/OneSignal-XCFramework";
			requirement = {
				branch = main;
				kind = branch;
			};
		};
		3C57F3302938A1DB001F74A0 /* XCRemoteSwiftPackageReference "swiftui-cached-async-image" */ = {
			isa = XCRemoteSwiftPackageReference;
			repositoryURL = "https://github.com/lorenzofiamingo/swiftui-cached-async-image";
			requirement = {
				kind = upToNextMajorVersion;
				minimumVersion = 2.0.0;
			};
		};
		3CB7A11F29F5AF3F00F074F1 /* XCRemoteSwiftPackageReference "StellarMoonKit" */ = {
			isa = XCRemoteSwiftPackageReference;
			repositoryURL = "https://github.com/Harry-KNIGHT/StellarMoonKit";
			requirement = {
				branch = main;
				kind = branch;
			};
		};
/* End XCRemoteSwiftPackageReference section */

/* Begin XCSwiftPackageProductDependency section */
		3C36E8852A12C09800BB9CDB /* StellarMoonKit */ = {
			isa = XCSwiftPackageProductDependency;
			package = 3CB7A11F29F5AF3F00F074F1 /* XCRemoteSwiftPackageReference "StellarMoonKit" */;
			productName = StellarMoonKit;
		};
		3C44F35829AA82AF00E47CB1 /* OneSignal */ = {
			isa = XCSwiftPackageProductDependency;
			package = 3C44F35729AA82AF00E47CB1 /* XCRemoteSwiftPackageReference "OneSignal-XCFramework" */;
			productName = OneSignal;
		};
		3C4B73CD29DF5FA600462FFB /* StellarMoonKit */ = {
			isa = XCSwiftPackageProductDependency;
			productName = StellarMoonKit;
		};
		3C57F3312938A1DB001F74A0 /* CachedAsyncImage */ = {
			isa = XCSwiftPackageProductDependency;
			package = 3C57F3302938A1DB001F74A0 /* XCRemoteSwiftPackageReference "swiftui-cached-async-image" */;
			productName = CachedAsyncImage;
		};
		3CB7A12029F5AF3F00F074F1 /* StellarMoonKit */ = {
			isa = XCSwiftPackageProductDependency;
			package = 3CB7A11F29F5AF3F00F074F1 /* XCRemoteSwiftPackageReference "StellarMoonKit" */;
			productName = StellarMoonKit;
		};
/* End XCSwiftPackageProductDependency section */
	};
	rootObject = 3CDBA103288E759A00AB15C7 /* Project object */;
}
