// !$*UTF8*$!
{
	archiveVersion = 1;
	classes = {
	};
	objectVersion = 56;
	objects = {

/* Begin PBXBuildFile section */
		3C5555CB288F12640093122A /* AstronomyImageView.swift in Sources */ = {isa = PBXBuildFile; fileRef = 3C5555CA288F12640093122A /* AstronomyImageView.swift */; };
		3C5555CD288F21440093122A /* README.md in Resources */ = {isa = PBXBuildFile; fileRef = 3C5555CC288F21440093122A /* README.md */; };
		3C5555CF288FCDA30093122A /* VideoView.swift in Sources */ = {isa = PBXBuildFile; fileRef = 3C5555CE288FCDA30093122A /* VideoView.swift */; };
		3CDBA10F288E759A00AB15C7 /* NasaDayAstronomyApp.swift in Sources */ = {isa = PBXBuildFile; fileRef = 3CDBA10E288E759A00AB15C7 /* NasaDayAstronomyApp.swift */; };
		3CDBA111288E759A00AB15C7 /* ContentView.swift in Sources */ = {isa = PBXBuildFile; fileRef = 3CDBA110288E759A00AB15C7 /* ContentView.swift */; };
		3CDBA113288E759B00AB15C7 /* Assets.xcassets in Resources */ = {isa = PBXBuildFile; fileRef = 3CDBA112288E759B00AB15C7 /* Assets.xcassets */; };
		3CDBA116288E759B00AB15C7 /* Preview Assets.xcassets in Resources */ = {isa = PBXBuildFile; fileRef = 3CDBA115288E759B00AB15C7 /* Preview Assets.xcassets */; };
		3CDBA139288E75BA00AB15C7 /* AstronomyModel.swift in Sources */ = {isa = PBXBuildFile; fileRef = 3CDBA138288E75BA00AB15C7 /* AstronomyModel.swift */; };
		3CDBA13B288E75C400AB15C7 /* AstronomyApi.swift in Sources */ = {isa = PBXBuildFile; fileRef = 3CDBA13A288E75C400AB15C7 /* AstronomyApi.swift */; };
/* End PBXBuildFile section */

/* Begin PBXContainerItemProxy section */
		3CDBA11C288E759B00AB15C7 /* PBXContainerItemProxy */ = {
			isa = PBXContainerItemProxy;
			containerPortal = 3CDBA103288E759A00AB15C7 /* Project object */;
			proxyType = 1;
			remoteGlobalIDString = 3CDBA10A288E759A00AB15C7;
			remoteInfo = NasaDayAstronomy;
		};
		3CDBA126288E759B00AB15C7 /* PBXContainerItemProxy */ = {
			isa = PBXContainerItemProxy;
			containerPortal = 3CDBA103288E759A00AB15C7 /* Project object */;
			proxyType = 1;
			remoteGlobalIDString = 3CDBA10A288E759A00AB15C7;
			remoteInfo = NasaDayAstronomy;
		};
/* End PBXContainerItemProxy section */

/* Begin PBXFileReference section */
		3C5555CA288F12640093122A /* AstronomyImageView.swift */ = {isa = PBXFileReference; lastKnownFileType = sourcecode.swift; path = AstronomyImageView.swift; sourceTree = "<group>"; };
		3C5555CC288F21440093122A /* README.md */ = {isa = PBXFileReference; fileEncoding = 4; lastKnownFileType = net.daringfireball.markdown; path = README.md; sourceTree = "<group>"; };
		3C5555CE288FCDA30093122A /* VideoView.swift */ = {isa = PBXFileReference; lastKnownFileType = sourcecode.swift; path = VideoView.swift; sourceTree = "<group>"; };
		3CDBA10B288E759A00AB15C7 /* NasaDayAstronomy.app */ = {isa = PBXFileReference; explicitFileType = wrapper.application; includeInIndex = 0; path = NasaDayAstronomy.app; sourceTree = BUILT_PRODUCTS_DIR; };
		3CDBA10E288E759A00AB15C7 /* NasaDayAstronomyApp.swift */ = {isa = PBXFileReference; lastKnownFileType = sourcecode.swift; path = NasaDayAstronomyApp.swift; sourceTree = "<group>"; };
		3CDBA110288E759A00AB15C7 /* ContentView.swift */ = {isa = PBXFileReference; lastKnownFileType = sourcecode.swift; path = ContentView.swift; sourceTree = "<group>"; };
		3CDBA112288E759B00AB15C7 /* Assets.xcassets */ = {isa = PBXFileReference; lastKnownFileType = folder.assetcatalog; path = Assets.xcassets; sourceTree = "<group>"; };
		3CDBA115288E759B00AB15C7 /* Preview Assets.xcassets */ = {isa = PBXFileReference; lastKnownFileType = folder.assetcatalog; path = "Preview Assets.xcassets"; sourceTree = "<group>"; };
		3CDBA11B288E759B00AB15C7 /* NasaDayAstronomyTests.xctest */ = {isa = PBXFileReference; explicitFileType = wrapper.cfbundle; includeInIndex = 0; path = NasaDayAstronomyTests.xctest; sourceTree = BUILT_PRODUCTS_DIR; };
		3CDBA125288E759B00AB15C7 /* NasaDayAstronomyUITests.xctest */ = {isa = PBXFileReference; explicitFileType = wrapper.cfbundle; includeInIndex = 0; path = NasaDayAstronomyUITests.xctest; sourceTree = BUILT_PRODUCTS_DIR; };
		3CDBA138288E75BA00AB15C7 /* AstronomyModel.swift */ = {isa = PBXFileReference; fileEncoding = 4; lastKnownFileType = sourcecode.swift; path = AstronomyModel.swift; sourceTree = "<group>"; };
		3CDBA13A288E75C400AB15C7 /* AstronomyApi.swift */ = {isa = PBXFileReference; fileEncoding = 4; lastKnownFileType = sourcecode.swift; path = AstronomyApi.swift; sourceTree = "<group>"; };
/* End PBXFileReference section */

/* Begin PBXFrameworksBuildPhase section */
		3CDBA108288E759A00AB15C7 /* Frameworks */ = {
			isa = PBXFrameworksBuildPhase;
			buildActionMask = 2147483647;
			files = (
			);
			runOnlyForDeploymentPostprocessing = 0;
		};
		3CDBA118288E759B00AB15C7 /* Frameworks */ = {
			isa = PBXFrameworksBuildPhase;
			buildActionMask = 2147483647;
			files = (
			);
			runOnlyForDeploymentPostprocessing = 0;
		};
		3CDBA122288E759B00AB15C7 /* Frameworks */ = {
			isa = PBXFrameworksBuildPhase;
			buildActionMask = 2147483647;
			files = (
			);
			runOnlyForDeploymentPostprocessing = 0;
		};
/* End PBXFrameworksBuildPhase section */

/* Begin PBXGroup section */
		3CDBA102288E759A00AB15C7 = {
			isa = PBXGroup;
			children = (
				3CDBA10D288E759A00AB15C7 /* NasaDayAstronomy */,
				3CDBA10C288E759A00AB15C7 /* Products */,
			);
			sourceTree = "<group>";
		};
		3CDBA10C288E759A00AB15C7 /* Products */ = {
			isa = PBXGroup;
			children = (
				3CDBA10B288E759A00AB15C7 /* NasaDayAstronomy.app */,
				3CDBA11B288E759B00AB15C7 /* NasaDayAstronomyTests.xctest */,
				3CDBA125288E759B00AB15C7 /* NasaDayAstronomyUITests.xctest */,
			);
			name = Products;
			sourceTree = "<group>";
		};
		3CDBA10D288E759A00AB15C7 /* NasaDayAstronomy */ = {
			isa = PBXGroup;
			children = (
				3CDBA10E288E759A00AB15C7 /* NasaDayAstronomyApp.swift */,
				3CDBA110288E759A00AB15C7 /* ContentView.swift */,
				3C5555CE288FCDA30093122A /* VideoView.swift */,
				3CDBA138288E75BA00AB15C7 /* AstronomyModel.swift */,
				3CDBA13A288E75C400AB15C7 /* AstronomyApi.swift */,
				3C5555CA288F12640093122A /* AstronomyImageView.swift */,
				3C5555CC288F21440093122A /* README.md */,
				3CDBA112288E759B00AB15C7 /* Assets.xcassets */,
				3CDBA114288E759B00AB15C7 /* Preview Content */,
			);
			path = NasaDayAstronomy;
			sourceTree = "<group>";
		};
		3CDBA114288E759B00AB15C7 /* Preview Content */ = {
			isa = PBXGroup;
			children = (
				3CDBA115288E759B00AB15C7 /* Preview Assets.xcassets */,
			);
			path = "Preview Content";
			sourceTree = "<group>";
		};
/* End PBXGroup section */

/* Begin PBXNativeTarget section */
		3CDBA10A288E759A00AB15C7 /* NasaDayAstronomy */ = {
			isa = PBXNativeTarget;
			buildConfigurationList = 3CDBA12F288E759B00AB15C7 /* Build configuration list for PBXNativeTarget "NasaDayAstronomy" */;
			buildPhases = (
				3CDBA107288E759A00AB15C7 /* Sources */,
				3CDBA108288E759A00AB15C7 /* Frameworks */,
				3CDBA109288E759A00AB15C7 /* Resources */,
			);
			buildRules = (
			);
			dependencies = (
			);
			name = NasaDayAstronomy;
			productName = NasaDayAstronomy;
			productReference = 3CDBA10B288E759A00AB15C7 /* NasaDayAstronomy.app */;
			productType = "com.apple.product-type.application";
		};
		3CDBA11A288E759B00AB15C7 /* NasaDayAstronomyTests */ = {
			isa = PBXNativeTarget;
			buildConfigurationList = 3CDBA132288E759B00AB15C7 /* Build configuration list for PBXNativeTarget "NasaDayAstronomyTests" */;
			buildPhases = (
				3CDBA117288E759B00AB15C7 /* Sources */,
				3CDBA118288E759B00AB15C7 /* Frameworks */,
				3CDBA119288E759B00AB15C7 /* Resources */,
			);
			buildRules = (
			);
			dependencies = (
				3CDBA11D288E759B00AB15C7 /* PBXTargetDependency */,
			);
			name = NasaDayAstronomyTests;
			productName = NasaDayAstronomyTests;
			productReference = 3CDBA11B288E759B00AB15C7 /* NasaDayAstronomyTests.xctest */;
			productType = "com.apple.product-type.bundle.unit-test";
		};
		3CDBA124288E759B00AB15C7 /* NasaDayAstronomyUITests */ = {
			isa = PBXNativeTarget;
			buildConfigurationList = 3CDBA135288E759B00AB15C7 /* Build configuration list for PBXNativeTarget "NasaDayAstronomyUITests" */;
			buildPhases = (
				3CDBA121288E759B00AB15C7 /* Sources */,
				3CDBA122288E759B00AB15C7 /* Frameworks */,
				3CDBA123288E759B00AB15C7 /* Resources */,
			);
			buildRules = (
			);
			dependencies = (
				3CDBA127288E759B00AB15C7 /* PBXTargetDependency */,
			);
			name = NasaDayAstronomyUITests;
			productName = NasaDayAstronomyUITests;
			productReference = 3CDBA125288E759B00AB15C7 /* NasaDayAstronomyUITests.xctest */;
			productType = "com.apple.product-type.bundle.ui-testing";
		};
/* End PBXNativeTarget section */

/* Begin PBXProject section */
		3CDBA103288E759A00AB15C7 /* Project object */ = {
			isa = PBXProject;
			attributes = {
				BuildIndependentTargetsInParallel = 1;
				LastSwiftUpdateCheck = 1400;
				LastUpgradeCheck = 1400;
				TargetAttributes = {
					3CDBA10A288E759A00AB15C7 = {
						CreatedOnToolsVersion = 14.0;
					};
					3CDBA11A288E759B00AB15C7 = {
						CreatedOnToolsVersion = 14.0;
						TestTargetID = 3CDBA10A288E759A00AB15C7;
					};
					3CDBA124288E759B00AB15C7 = {
						CreatedOnToolsVersion = 14.0;
						TestTargetID = 3CDBA10A288E759A00AB15C7;
					};
				};
			};
			buildConfigurationList = 3CDBA106288E759A00AB15C7 /* Build configuration list for PBXProject "NasaDayAstronomy" */;
			compatibilityVersion = "Xcode 14.0";
			developmentRegion = en;
			hasScannedForEncodings = 0;
			knownRegions = (
				en,
				Base,
			);
			mainGroup = 3CDBA102288E759A00AB15C7;
			productRefGroup = 3CDBA10C288E759A00AB15C7 /* Products */;
			projectDirPath = "";
			projectRoot = "";
			targets = (
				3CDBA10A288E759A00AB15C7 /* NasaDayAstronomy */,
				3CDBA11A288E759B00AB15C7 /* NasaDayAstronomyTests */,
				3CDBA124288E759B00AB15C7 /* NasaDayAstronomyUITests */,
			);
		};
/* End PBXProject section */

/* Begin PBXResourcesBuildPhase section */
		3CDBA109288E759A00AB15C7 /* Resources */ = {
			isa = PBXResourcesBuildPhase;
			buildActionMask = 2147483647;
			files = (
				3C5555CD288F21440093122A /* README.md in Resources */,
				3CDBA116288E759B00AB15C7 /* Preview Assets.xcassets in Resources */,
				3CDBA113288E759B00AB15C7 /* Assets.xcassets in Resources */,
			);
			runOnlyForDeploymentPostprocessing = 0;
		};
		3CDBA119288E759B00AB15C7 /* Resources */ = {
			isa = PBXResourcesBuildPhase;
			buildActionMask = 2147483647;
			files = (
			);
			runOnlyForDeploymentPostprocessing = 0;
		};
		3CDBA123288E759B00AB15C7 /* Resources */ = {
			isa = PBXResourcesBuildPhase;
			buildActionMask = 2147483647;
			files = (
			);
			runOnlyForDeploymentPostprocessing = 0;
		};
/* End PBXResourcesBuildPhase section */

/* Begin PBXSourcesBuildPhase section */
		3CDBA107288E759A00AB15C7 /* Sources */ = {
			isa = PBXSourcesBuildPhase;
			buildActionMask = 2147483647;
			files = (
				3C5555CF288FCDA30093122A /* VideoView.swift in Sources */,
				3C5555CB288F12640093122A /* AstronomyImageView.swift in Sources */,
				3CDBA139288E75BA00AB15C7 /* AstronomyModel.swift in Sources */,
				3CDBA111288E759A00AB15C7 /* ContentView.swift in Sources */,
				3CDBA10F288E759A00AB15C7 /* NasaDayAstronomyApp.swift in Sources */,
				3CDBA13B288E75C400AB15C7 /* AstronomyApi.swift in Sources */,
			);
			runOnlyForDeploymentPostprocessing = 0;
		};
		3CDBA117288E759B00AB15C7 /* Sources */ = {
			isa = PBXSourcesBuildPhase;
			buildActionMask = 2147483647;
			files = (
			);
			runOnlyForDeploymentPostprocessing = 0;
		};
		3CDBA121288E759B00AB15C7 /* Sources */ = {
			isa = PBXSourcesBuildPhase;
			buildActionMask = 2147483647;
			files = (
			);
			runOnlyForDeploymentPostprocessing = 0;
		};
/* End PBXSourcesBuildPhase section */

/* Begin PBXTargetDependency section */
		3CDBA11D288E759B00AB15C7 /* PBXTargetDependency */ = {
			isa = PBXTargetDependency;
			target = 3CDBA10A288E759A00AB15C7 /* NasaDayAstronomy */;
			targetProxy = 3CDBA11C288E759B00AB15C7 /* PBXContainerItemProxy */;
		};
		3CDBA127288E759B00AB15C7 /* PBXTargetDependency */ = {
			isa = PBXTargetDependency;
			target = 3CDBA10A288E759A00AB15C7 /* NasaDayAstronomy */;
			targetProxy = 3CDBA126288E759B00AB15C7 /* PBXContainerItemProxy */;
		};
/* End PBXTargetDependency section */

/* Begin XCBuildConfiguration section */
		3CDBA12D288E759B00AB15C7 /* Debug */ = {
			isa = XCBuildConfiguration;
			buildSettings = {
				ALWAYS_SEARCH_USER_PATHS = NO;
				CLANG_ANALYZER_NONNULL = YES;
				CLANG_ANALYZER_NUMBER_OBJECT_CONVERSION = YES_AGGRESSIVE;
				CLANG_CXX_LANGUAGE_STANDARD = "gnu++20";
				CLANG_ENABLE_MODULES = YES;
				CLANG_ENABLE_OBJC_ARC = YES;
				CLANG_ENABLE_OBJC_WEAK = YES;
				CLANG_WARN_BLOCK_CAPTURE_AUTORELEASING = YES;
				CLANG_WARN_BOOL_CONVERSION = YES;
				CLANG_WARN_COMMA = YES;
				CLANG_WARN_CONSTANT_CONVERSION = YES;
				CLANG_WARN_DEPRECATED_OBJC_IMPLEMENTATIONS = YES;
				CLANG_WARN_DIRECT_OBJC_ISA_USAGE = YES_ERROR;
				CLANG_WARN_DOCUMENTATION_COMMENTS = YES;
				CLANG_WARN_EMPTY_BODY = YES;
				CLANG_WARN_ENUM_CONVERSION = YES;
				CLANG_WARN_INFINITE_RECURSION = YES;
				CLANG_WARN_INT_CONVERSION = YES;
				CLANG_WARN_NON_LITERAL_NULL_CONVERSION = YES;
				CLANG_WARN_OBJC_IMPLICIT_RETAIN_SELF = YES;
				CLANG_WARN_OBJC_LITERAL_CONVERSION = YES;
				CLANG_WARN_OBJC_ROOT_CLASS = YES_ERROR;
				CLANG_WARN_QUOTED_INCLUDE_IN_FRAMEWORK_HEADER = YES;
				CLANG_WARN_RANGE_LOOP_ANALYSIS = YES;
				CLANG_WARN_STRICT_PROTOTYPES = YES;
				CLANG_WARN_SUSPICIOUS_MOVE = YES;
				CLANG_WARN_UNGUARDED_AVAILABILITY = YES_AGGRESSIVE;
				CLANG_WARN_UNREACHABLE_CODE = YES;
				CLANG_WARN__DUPLICATE_METHOD_MATCH = YES;
				COPY_PHASE_STRIP = NO;
				DEBUG_INFORMATION_FORMAT = dwarf;
				ENABLE_STRICT_OBJC_MSGSEND = YES;
				ENABLE_TESTABILITY = YES;
				GCC_C_LANGUAGE_STANDARD = gnu11;
				GCC_DYNAMIC_NO_PIC = NO;
				GCC_NO_COMMON_BLOCKS = YES;
				GCC_OPTIMIZATION_LEVEL = 0;
				GCC_PREPROCESSOR_DEFINITIONS = (
					"DEBUG=1",
					"$(inherited)",
				);
				GCC_WARN_64_TO_32_BIT_CONVERSION = YES;
				GCC_WARN_ABOUT_RETURN_TYPE = YES_ERROR;
				GCC_WARN_UNDECLARED_SELECTOR = YES;
				GCC_WARN_UNINITIALIZED_AUTOS = YES_AGGRESSIVE;
				GCC_WARN_UNUSED_FUNCTION = YES;
				GCC_WARN_UNUSED_VARIABLE = YES;
				IPHONEOS_DEPLOYMENT_TARGET = 16.0;
				MTL_ENABLE_DEBUG_INFO = INCLUDE_SOURCE;
				MTL_FAST_MATH = YES;
				ONLY_ACTIVE_ARCH = YES;
				SDKROOT = iphoneos;
				SWIFT_ACTIVE_COMPILATION_CONDITIONS = DEBUG;
				SWIFT_OPTIMIZATION_LEVEL = "-Onone";
			};
			name = Debug;
		};
		3CDBA12E288E759B00AB15C7 /* Release */ = {
			isa = XCBuildConfiguration;
			buildSettings = {
				ALWAYS_SEARCH_USER_PATHS = NO;
				CLANG_ANALYZER_NONNULL = YES;
				CLANG_ANALYZER_NUMBER_OBJECT_CONVERSION = YES_AGGRESSIVE;
				CLANG_CXX_LANGUAGE_STANDARD = "gnu++20";
				CLANG_ENABLE_MODULES = YES;
				CLANG_ENABLE_OBJC_ARC = YES;
				CLANG_ENABLE_OBJC_WEAK = YES;
				CLANG_WARN_BLOCK_CAPTURE_AUTORELEASING = YES;
				CLANG_WARN_BOOL_CONVERSION = YES;
				CLANG_WARN_COMMA = YES;
				CLANG_WARN_CONSTANT_CONVERSION = YES;
				CLANG_WARN_DEPRECATED_OBJC_IMPLEMENTATIONS = YES;
				CLANG_WARN_DIRECT_OBJC_ISA_USAGE = YES_ERROR;
				CLANG_WARN_DOCUMENTATION_COMMENTS = YES;
				CLANG_WARN_EMPTY_BODY = YES;
				CLANG_WARN_ENUM_CONVERSION = YES;
				CLANG_WARN_INFINITE_RECURSION = YES;
				CLANG_WARN_INT_CONVERSION = YES;
				CLANG_WARN_NON_LITERAL_NULL_CONVERSION = YES;
				CLANG_WARN_OBJC_IMPLICIT_RETAIN_SELF = YES;
				CLANG_WARN_OBJC_LITERAL_CONVERSION = YES;
				CLANG_WARN_OBJC_ROOT_CLASS = YES_ERROR;
				CLANG_WARN_QUOTED_INCLUDE_IN_FRAMEWORK_HEADER = YES;
				CLANG_WARN_RANGE_LOOP_ANALYSIS = YES;
				CLANG_WARN_STRICT_PROTOTYPES = YES;
				CLANG_WARN_SUSPICIOUS_MOVE = YES;
				CLANG_WARN_UNGUARDED_AVAILABILITY = YES_AGGRESSIVE;
				CLANG_WARN_UNREACHABLE_CODE = YES;
				CLANG_WARN__DUPLICATE_METHOD_MATCH = YES;
				COPY_PHASE_STRIP = NO;
				DEBUG_INFORMATION_FORMAT = "dwarf-with-dsym";
				ENABLE_NS_ASSERTIONS = NO;
				ENABLE_STRICT_OBJC_MSGSEND = YES;
				GCC_C_LANGUAGE_STANDARD = gnu11;
				GCC_NO_COMMON_BLOCKS = YES;
				GCC_WARN_64_TO_32_BIT_CONVERSION = YES;
				GCC_WARN_ABOUT_RETURN_TYPE = YES_ERROR;
				GCC_WARN_UNDECLARED_SELECTOR = YES;
				GCC_WARN_UNINITIALIZED_AUTOS = YES_AGGRESSIVE;
				GCC_WARN_UNUSED_FUNCTION = YES;
				GCC_WARN_UNUSED_VARIABLE = YES;
				IPHONEOS_DEPLOYMENT_TARGET = 16.0;
				MTL_ENABLE_DEBUG_INFO = NO;
				MTL_FAST_MATH = YES;
				SDKROOT = iphoneos;
				SWIFT_COMPILATION_MODE = wholemodule;
				SWIFT_OPTIMIZATION_LEVEL = "-O";
				VALIDATE_PRODUCT = YES;
			};
			name = Release;
		};
		3CDBA130288E759B00AB15C7 /* Debug */ = {
			isa = XCBuildConfiguration;
			buildSettings = {
				ASSETCATALOG_COMPILER_APPICON_NAME = AppIcon;
				ASSETCATALOG_COMPILER_GLOBAL_ACCENT_COLOR_NAME = AccentColor;
				CODE_SIGN_STYLE = Automatic;
				CURRENT_PROJECT_VERSION = 1;
				DEVELOPMENT_ASSET_PATHS = "\"NasaDayAstronomy/Preview Content\"";
				DEVELOPMENT_TEAM = 99M75C322U;
				ENABLE_PREVIEWS = YES;
				GENERATE_INFOPLIST_FILE = YES;
				INFOPLIST_KEY_UIApplicationSceneManifest_Generation = YES;
				INFOPLIST_KEY_UIApplicationSupportsIndirectInputEvents = YES;
				INFOPLIST_KEY_UILaunchScreen_Generation = YES;
				INFOPLIST_KEY_UISupportedInterfaceOrientations_iPad = "UIInterfaceOrientationPortrait UIInterfaceOrientationPortraitUpsideDown UIInterfaceOrientationLandscapeLeft UIInterfaceOrientationLandscapeRight";
				INFOPLIST_KEY_UISupportedInterfaceOrientations_iPhone = "UIInterfaceOrientationPortrait UIInterfaceOrientationLandscapeLeft UIInterfaceOrientationLandscapeRight";
				LD_RUNPATH_SEARCH_PATHS = (
					"$(inherited)",
					"@executable_path/Frameworks",
				);
				MARKETING_VERSION = 1.0;
				PRODUCT_BUNDLE_IDENTIFIER = com.elliot.knight..NasaDayAstronomy;
				PRODUCT_NAME = "$(TARGET_NAME)";
				SWIFT_EMIT_LOC_STRINGS = YES;
				SWIFT_VERSION = 5.0;
				TARGETED_DEVICE_FAMILY = "1,2";
			};
			name = Debug;
		};
		3CDBA131288E759B00AB15C7 /* Release */ = {
			isa = XCBuildConfiguration;
			buildSettings = {
				ASSETCATALOG_COMPILER_APPICON_NAME = AppIcon;
				ASSETCATALOG_COMPILER_GLOBAL_ACCENT_COLOR_NAME = AccentColor;
				CODE_SIGN_STYLE = Automatic;
				CURRENT_PROJECT_VERSION = 1;
				DEVELOPMENT_ASSET_PATHS = "\"NasaDayAstronomy/Preview Content\"";
				DEVELOPMENT_TEAM = 99M75C322U;
				ENABLE_PREVIEWS = YES;
				GENERATE_INFOPLIST_FILE = YES;
				INFOPLIST_KEY_UIApplicationSceneManifest_Generation = YES;
				INFOPLIST_KEY_UIApplicationSupportsIndirectInputEvents = YES;
				INFOPLIST_KEY_UILaunchScreen_Generation = YES;
				INFOPLIST_KEY_UISupportedInterfaceOrientations_iPad = "UIInterfaceOrientationPortrait UIInterfaceOrientationPortraitUpsideDown UIInterfaceOrientationLandscapeLeft UIInterfaceOrientationLandscapeRight";
				INFOPLIST_KEY_UISupportedInterfaceOrientations_iPhone = "UIInterfaceOrientationPortrait UIInterfaceOrientationLandscapeLeft UIInterfaceOrientationLandscapeRight";
				LD_RUNPATH_SEARCH_PATHS = (
					"$(inherited)",
					"@executable_path/Frameworks",
				);
				MARKETING_VERSION = 1.0;
				PRODUCT_BUNDLE_IDENTIFIER = com.elliot.knight..NasaDayAstronomy;
				PRODUCT_NAME = "$(TARGET_NAME)";
				SWIFT_EMIT_LOC_STRINGS = YES;
				SWIFT_VERSION = 5.0;
				TARGETED_DEVICE_FAMILY = "1,2";
			};
			name = Release;
		};
		3CDBA133288E759B00AB15C7 /* Debug */ = {
			isa = XCBuildConfiguration;
			buildSettings = {
				ALWAYS_EMBED_SWIFT_STANDARD_LIBRARIES = YES;
				BUNDLE_LOADER = "$(TEST_HOST)";
				CODE_SIGN_STYLE = Automatic;
				CURRENT_PROJECT_VERSION = 1;
				DEVELOPMENT_TEAM = 99M75C322U;
				GENERATE_INFOPLIST_FILE = YES;
				IPHONEOS_DEPLOYMENT_TARGET = 16.0;
				MARKETING_VERSION = 1.0;
				PRODUCT_BUNDLE_IDENTIFIER = com.elliot.knight..NasaDayAstronomyTests;
				PRODUCT_NAME = "$(TARGET_NAME)";
				SWIFT_EMIT_LOC_STRINGS = NO;
				SWIFT_VERSION = 5.0;
				TARGETED_DEVICE_FAMILY = "1,2";
				TEST_HOST = "$(BUILT_PRODUCTS_DIR)/NasaDayAstronomy.app/$(BUNDLE_EXECUTABLE_FOLDER_PATH)/NasaDayAstronomy";
			};
			name = Debug;
		};
		3CDBA134288E759B00AB15C7 /* Release */ = {
			isa = XCBuildConfiguration;
			buildSettings = {
				ALWAYS_EMBED_SWIFT_STANDARD_LIBRARIES = YES;
				BUNDLE_LOADER = "$(TEST_HOST)";
				CODE_SIGN_STYLE = Automatic;
				CURRENT_PROJECT_VERSION = 1;
				DEVELOPMENT_TEAM = 99M75C322U;
				GENERATE_INFOPLIST_FILE = YES;
				IPHONEOS_DEPLOYMENT_TARGET = 16.0;
				MARKETING_VERSION = 1.0;
				PRODUCT_BUNDLE_IDENTIFIER = com.elliot.knight..NasaDayAstronomyTests;
				PRODUCT_NAME = "$(TARGET_NAME)";
				SWIFT_EMIT_LOC_STRINGS = NO;
				SWIFT_VERSION = 5.0;
				TARGETED_DEVICE_FAMILY = "1,2";
				TEST_HOST = "$(BUILT_PRODUCTS_DIR)/NasaDayAstronomy.app/$(BUNDLE_EXECUTABLE_FOLDER_PATH)/NasaDayAstronomy";
			};
			name = Release;
		};
		3CDBA136288E759B00AB15C7 /* Debug */ = {
			isa = XCBuildConfiguration;
			buildSettings = {
				ALWAYS_EMBED_SWIFT_STANDARD_LIBRARIES = YES;
				CODE_SIGN_STYLE = Automatic;
				CURRENT_PROJECT_VERSION = 1;
				DEVELOPMENT_TEAM = 99M75C322U;
				GENERATE_INFOPLIST_FILE = YES;
				MARKETING_VERSION = 1.0;
				PRODUCT_BUNDLE_IDENTIFIER = com.elliot.knight..NasaDayAstronomyUITests;
				PRODUCT_NAME = "$(TARGET_NAME)";
				SWIFT_EMIT_LOC_STRINGS = NO;
				SWIFT_VERSION = 5.0;
				TARGETED_DEVICE_FAMILY = "1,2";
				TEST_TARGET_NAME = NasaDayAstronomy;
			};
			name = Debug;
		};
		3CDBA137288E759B00AB15C7 /* Release */ = {
			isa = XCBuildConfiguration;
			buildSettings = {
				ALWAYS_EMBED_SWIFT_STANDARD_LIBRARIES = YES;
				CODE_SIGN_STYLE = Automatic;
				CURRENT_PROJECT_VERSION = 1;
				DEVELOPMENT_TEAM = 99M75C322U;
				GENERATE_INFOPLIST_FILE = YES;
				MARKETING_VERSION = 1.0;
				PRODUCT_BUNDLE_IDENTIFIER = com.elliot.knight..NasaDayAstronomyUITests;
				PRODUCT_NAME = "$(TARGET_NAME)";
				SWIFT_EMIT_LOC_STRINGS = NO;
				SWIFT_VERSION = 5.0;
				TARGETED_DEVICE_FAMILY = "1,2";
				TEST_TARGET_NAME = NasaDayAstronomy;
			};
			name = Release;
		};
/* End XCBuildConfiguration section */

/* Begin XCConfigurationList section */
		3CDBA106288E759A00AB15C7 /* Build configuration list for PBXProject "NasaDayAstronomy" */ = {
			isa = XCConfigurationList;
			buildConfigurations = (
				3CDBA12D288E759B00AB15C7 /* Debug */,
				3CDBA12E288E759B00AB15C7 /* Release */,
			);
			defaultConfigurationIsVisible = 0;
			defaultConfigurationName = Release;
		};
		3CDBA12F288E759B00AB15C7 /* Build configuration list for PBXNativeTarget "NasaDayAstronomy" */ = {
			isa = XCConfigurationList;
			buildConfigurations = (
				3CDBA130288E759B00AB15C7 /* Debug */,
				3CDBA131288E759B00AB15C7 /* Release */,
			);
			defaultConfigurationIsVisible = 0;
			defaultConfigurationName = Release;
		};
		3CDBA132288E759B00AB15C7 /* Build configuration list for PBXNativeTarget "NasaDayAstronomyTests" */ = {
			isa = XCConfigurationList;
			buildConfigurations = (
				3CDBA133288E759B00AB15C7 /* Debug */,
				3CDBA134288E759B00AB15C7 /* Release */,
			);
			defaultConfigurationIsVisible = 0;
			defaultConfigurationName = Release;
		};
		3CDBA135288E759B00AB15C7 /* Build configuration list for PBXNativeTarget "NasaDayAstronomyUITests" */ = {
			isa = XCConfigurationList;
			buildConfigurations = (
				3CDBA136288E759B00AB15C7 /* Debug */,
				3CDBA137288E759B00AB15C7 /* Release */,
			);
			defaultConfigurationIsVisible = 0;
			defaultConfigurationName = Release;
		};
/* End XCConfigurationList section */
	};
	rootObject = 3CDBA103288E759A00AB15C7 /* Project object */;
}
